// !$*UTF8*$!
{
	archiveVersion = 1;
	classes = {
	};
	objectVersion = 46;
	objects = {

/* Begin PBXBuildFile section */
		670940221EFCEF4500A1722F /* main.m in Sources */ = {isa = PBXBuildFile; fileRef = 670940211EFCEF4500A1722F /* main.m */; };
		670940251EFCEF4500A1722F /* AppDelegate.m in Sources */ = {isa = PBXBuildFile; fileRef = 670940241EFCEF4500A1722F /* AppDelegate.m */; };
		670940281EFCEF4500A1722F /* ViewController.m in Sources */ = {isa = PBXBuildFile; fileRef = 670940271EFCEF4500A1722F /* ViewController.m */; };
		6709402B1EFCEF4500A1722F /* Main.storyboard in Resources */ = {isa = PBXBuildFile; fileRef = 670940291EFCEF4500A1722F /* Main.storyboard */; };
		6709402D1EFCEF4500A1722F /* Assets.xcassets in Resources */ = {isa = PBXBuildFile; fileRef = 6709402C1EFCEF4500A1722F /* Assets.xcassets */; };
		670940301EFCEF4500A1722F /* LaunchScreen.storyboard in Resources */ = {isa = PBXBuildFile; fileRef = 6709402E1EFCEF4500A1722F /* LaunchScreen.storyboard */; };
		670940371EFCF1E800A1722F /* CustomViewController.m in Sources */ = {isa = PBXBuildFile; fileRef = 670940361EFCF1E800A1722F /* CustomViewController.m */; };
		67282AF820871F180095B77A /* AppDelegate.m in Sources */ = {isa = PBXBuildFile; fileRef = 67282AF720871F180095B77A /* AppDelegate.m */; };
		67282AFB20871F180095B77A /* ViewController.m in Sources */ = {isa = PBXBuildFile; fileRef = 67282AFA20871F180095B77A /* ViewController.m */; };
		67282AFE20871F180095B77A /* Main.storyboard in Resources */ = {isa = PBXBuildFile; fileRef = 67282AFC20871F180095B77A /* Main.storyboard */; };
		67282B0020871F180095B77A /* Assets.xcassets in Resources */ = {isa = PBXBuildFile; fileRef = 67282AFF20871F180095B77A /* Assets.xcassets */; };
		67282B0320871F180095B77A /* LaunchScreen.storyboard in Resources */ = {isa = PBXBuildFile; fileRef = 67282B0120871F180095B77A /* LaunchScreen.storyboard */; };
		67282B0620871F180095B77A /* main.m in Sources */ = {isa = PBXBuildFile; fileRef = 67282B0520871F180095B77A /* main.m */; };
		6752618E1F136E0800C73B35 /* AppDelegate.swift in Sources */ = {isa = PBXBuildFile; fileRef = 6752618D1F136E0800C73B35 /* AppDelegate.swift */; };
		675261901F136E0800C73B35 /* ViewController.swift in Sources */ = {isa = PBXBuildFile; fileRef = 6752618F1F136E0800C73B35 /* ViewController.swift */; };
		675261931F136E0800C73B35 /* Main.storyboard in Resources */ = {isa = PBXBuildFile; fileRef = 675261911F136E0800C73B35 /* Main.storyboard */; };
		675261951F136E0800C73B35 /* Assets.xcassets in Resources */ = {isa = PBXBuildFile; fileRef = 675261941F136E0800C73B35 /* Assets.xcassets */; };
		675261981F136E0800C73B35 /* LaunchScreen.storyboard in Resources */ = {isa = PBXBuildFile; fileRef = 675261961F136E0800C73B35 /* LaunchScreen.storyboard */; };
		675E222A1EB9BD13004E616F /* Manager.m in Sources */ = {isa = PBXBuildFile; fileRef = 675E22291EB9BD13004E616F /* Manager.m */; };
		675E222D1EB9BE87004E616F /* A.m in Sources */ = {isa = PBXBuildFile; fileRef = 675E222C1EB9BE87004E616F /* A.m */; };
		675E22301EB9BE92004E616F /* B.m in Sources */ = {isa = PBXBuildFile; fileRef = 675E222F1EB9BE92004E616F /* B.m */; };
		675E22331EB9BE9A004E616F /* C.m in Sources */ = {isa = PBXBuildFile; fileRef = 675E22321EB9BE9A004E616F /* C.m */; };
		67790FDA1EFBA40000790503 /* main.m in Sources */ = {isa = PBXBuildFile; fileRef = 67790FD91EFBA40000790503 /* main.m */; };
		67790FDD1EFBA40000790503 /* AppDelegate.m in Sources */ = {isa = PBXBuildFile; fileRef = 67790FDC1EFBA40000790503 /* AppDelegate.m */; };
		67790FE31EFBA40000790503 /* Main.storyboard in Resources */ = {isa = PBXBuildFile; fileRef = 67790FE11EFBA40000790503 /* Main.storyboard */; };
		67790FE51EFBA40000790503 /* Assets.xcassets in Resources */ = {isa = PBXBuildFile; fileRef = 67790FE41EFBA40000790503 /* Assets.xcassets */; };
		67790FE81EFBA40000790503 /* LaunchScreen.storyboard in Resources */ = {isa = PBXBuildFile; fileRef = 67790FE61EFBA40000790503 /* LaunchScreen.storyboard */; };
		67790FEF1EFBA42800790503 /* TableViewController.m in Sources */ = {isa = PBXBuildFile; fileRef = 67790FEE1EFBA42800790503 /* TableViewController.m */; };
		67790FF21EFBA4CE00790503 /* TableViewCell.m in Sources */ = {isa = PBXBuildFile; fileRef = 67790FF11EFBA4CE00790503 /* TableViewCell.m */; };
		677910111EFBA75900790503 /* MASCompositeConstraint.m in Sources */ = {isa = PBXBuildFile; fileRef = 67790FF71EFBA75900790503 /* MASCompositeConstraint.m */; };
		677910121EFBA75900790503 /* MASConstraint.m in Sources */ = {isa = PBXBuildFile; fileRef = 67790FFA1EFBA75900790503 /* MASConstraint.m */; };
		677910131EFBA75900790503 /* MASConstraintMaker.m in Sources */ = {isa = PBXBuildFile; fileRef = 67790FFC1EFBA75900790503 /* MASConstraintMaker.m */; };
		677910141EFBA75900790503 /* MASLayoutConstraint.m in Sources */ = {isa = PBXBuildFile; fileRef = 67790FFE1EFBA75900790503 /* MASLayoutConstraint.m */; };
		677910151EFBA75900790503 /* MASViewAttribute.m in Sources */ = {isa = PBXBuildFile; fileRef = 677910021EFBA75900790503 /* MASViewAttribute.m */; };
		677910161EFBA75900790503 /* MASViewConstraint.m in Sources */ = {isa = PBXBuildFile; fileRef = 677910041EFBA75900790503 /* MASViewConstraint.m */; };
		677910171EFBA75900790503 /* NSArray+MASAdditions.m in Sources */ = {isa = PBXBuildFile; fileRef = 677910061EFBA75900790503 /* NSArray+MASAdditions.m */; };
		677910181EFBA75900790503 /* NSLayoutConstraint+MASDebugAdditions.m in Sources */ = {isa = PBXBuildFile; fileRef = 677910091EFBA75900790503 /* NSLayoutConstraint+MASDebugAdditions.m */; };
		677910191EFBA75900790503 /* View+MASAdditions.m in Sources */ = {isa = PBXBuildFile; fileRef = 6779100B1EFBA75900790503 /* View+MASAdditions.m */; };
		6779101A1EFBA75900790503 /* ViewController+MASAdditions.m in Sources */ = {isa = PBXBuildFile; fileRef = 6779100E1EFBA75900790503 /* ViewController+MASAdditions.m */; };
		678408821EE8F048006AD1DB /* main.m in Sources */ = {isa = PBXBuildFile; fileRef = 678408811EE8F048006AD1DB /* main.m */; };
		678408851EE8F048006AD1DB /* AppDelegate.m in Sources */ = {isa = PBXBuildFile; fileRef = 678408841EE8F048006AD1DB /* AppDelegate.m */; };
		678408881EE8F048006AD1DB /* ViewController.m in Sources */ = {isa = PBXBuildFile; fileRef = 678408871EE8F048006AD1DB /* ViewController.m */; };
		6784088B1EE8F048006AD1DB /* Main.storyboard in Resources */ = {isa = PBXBuildFile; fileRef = 678408891EE8F048006AD1DB /* Main.storyboard */; };
		6784088D1EE8F048006AD1DB /* Assets.xcassets in Resources */ = {isa = PBXBuildFile; fileRef = 6784088C1EE8F048006AD1DB /* Assets.xcassets */; };
		678408901EE8F048006AD1DB /* LaunchScreen.storyboard in Resources */ = {isa = PBXBuildFile; fileRef = 6784088E1EE8F048006AD1DB /* LaunchScreen.storyboard */; };
		67DD219D1EB21F100009D2FB /* main.m in Sources */ = {isa = PBXBuildFile; fileRef = 67DD219C1EB21F100009D2FB /* main.m */; };
		67DD21A01EB21F100009D2FB /* AppDelegate.m in Sources */ = {isa = PBXBuildFile; fileRef = 67DD219F1EB21F100009D2FB /* AppDelegate.m */; };
		67DD21A31EB21F100009D2FB /* ViewController.m in Sources */ = {isa = PBXBuildFile; fileRef = 67DD21A21EB21F100009D2FB /* ViewController.m */; };
		67DD21A61EB21F100009D2FB /* Main.storyboard in Resources */ = {isa = PBXBuildFile; fileRef = 67DD21A41EB21F100009D2FB /* Main.storyboard */; };
		67DD21A81EB21F100009D2FB /* Assets.xcassets in Resources */ = {isa = PBXBuildFile; fileRef = 67DD21A71EB21F100009D2FB /* Assets.xcassets */; };
		67DD21AB1EB21F100009D2FB /* LaunchScreen.storyboard in Resources */ = {isa = PBXBuildFile; fileRef = 67DD21A91EB21F100009D2FB /* LaunchScreen.storyboard */; };
		67DD21BA1EB21F4D0009D2FB /* main.m in Sources */ = {isa = PBXBuildFile; fileRef = 67DD21B91EB21F4D0009D2FB /* main.m */; };
		67DD21BD1EB21F4D0009D2FB /* AppDelegate.m in Sources */ = {isa = PBXBuildFile; fileRef = 67DD21BC1EB21F4D0009D2FB /* AppDelegate.m */; };
		67DD21C01EB21F4D0009D2FB /* ViewController.m in Sources */ = {isa = PBXBuildFile; fileRef = 67DD21BF1EB21F4D0009D2FB /* ViewController.m */; };
		67DD21C31EB21F4D0009D2FB /* Main.storyboard in Resources */ = {isa = PBXBuildFile; fileRef = 67DD21C11EB21F4D0009D2FB /* Main.storyboard */; };
		67DD21C51EB21F4D0009D2FB /* Assets.xcassets in Resources */ = {isa = PBXBuildFile; fileRef = 67DD21C41EB21F4D0009D2FB /* Assets.xcassets */; };
		67DD21C81EB21F4D0009D2FB /* LaunchScreen.storyboard in Resources */ = {isa = PBXBuildFile; fileRef = 67DD21C61EB21F4D0009D2FB /* LaunchScreen.storyboard */; };
		67DD21E11EB320470009D2FB /* main.m in Sources */ = {isa = PBXBuildFile; fileRef = 67DD21E01EB320470009D2FB /* main.m */; };
		67DD21E41EB320470009D2FB /* AppDelegate.m in Sources */ = {isa = PBXBuildFile; fileRef = 67DD21E31EB320470009D2FB /* AppDelegate.m */; };
		67DD21E71EB320470009D2FB /* ViewController.m in Sources */ = {isa = PBXBuildFile; fileRef = 67DD21E61EB320470009D2FB /* ViewController.m */; };
		67DD21EA1EB320470009D2FB /* Main.storyboard in Resources */ = {isa = PBXBuildFile; fileRef = 67DD21E81EB320470009D2FB /* Main.storyboard */; };
		67DD21EC1EB320470009D2FB /* Assets.xcassets in Resources */ = {isa = PBXBuildFile; fileRef = 67DD21EB1EB320470009D2FB /* Assets.xcassets */; };
		67DD21EF1EB320470009D2FB /* LaunchScreen.storyboard in Resources */ = {isa = PBXBuildFile; fileRef = 67DD21ED1EB320470009D2FB /* LaunchScreen.storyboard */; };
		67DD21F61EB320A10009D2FB /* CollectionViewController.m in Sources */ = {isa = PBXBuildFile; fileRef = 67DD21F51EB320A10009D2FB /* CollectionViewController.m */; };
		B473AA147186878BA6B1782C /* Pods_____.framework in Frameworks */ = {isa = PBXBuildFile; fileRef = 51042A49A190E993CBA50C11 /* Pods_____.framework */; };
/* End PBXBuildFile section */

/* Begin PBXFileReference section */
		51042A49A190E993CBA50C11 /* Pods_____.framework */ = {isa = PBXFileReference; explicitFileType = wrapper.framework; includeInIndex = 0; path = "Pods_____.framework"; sourceTree = BUILT_PRODUCTS_DIR; };
		632B975A2F014645A09D28A2 /* Pods-测试界面.release.xcconfig */ = {isa = PBXFileReference; includeInIndex = 1; lastKnownFileType = text.xcconfig; name = "Pods-测试界面.release.xcconfig"; path = "Pods/Target Support Files/Pods-测试界面/Pods-测试界面.release.xcconfig"; sourceTree = "<group>"; };
		6709401E1EFCEF4500A1722F /* 可编辑的TableViewCell.app */ = {isa = PBXFileReference; explicitFileType = wrapper.application; includeInIndex = 0; path = "可编辑的TableViewCell.app"; sourceTree = BUILT_PRODUCTS_DIR; };
		670940211EFCEF4500A1722F /* main.m */ = {isa = PBXFileReference; lastKnownFileType = sourcecode.c.objc; path = main.m; sourceTree = "<group>"; };
		670940231EFCEF4500A1722F /* AppDelegate.h */ = {isa = PBXFileReference; lastKnownFileType = sourcecode.c.h; path = AppDelegate.h; sourceTree = "<group>"; };
		670940241EFCEF4500A1722F /* AppDelegate.m */ = {isa = PBXFileReference; lastKnownFileType = sourcecode.c.objc; path = AppDelegate.m; sourceTree = "<group>"; };
		670940261EFCEF4500A1722F /* ViewController.h */ = {isa = PBXFileReference; lastKnownFileType = sourcecode.c.h; path = ViewController.h; sourceTree = "<group>"; };
		670940271EFCEF4500A1722F /* ViewController.m */ = {isa = PBXFileReference; lastKnownFileType = sourcecode.c.objc; path = ViewController.m; sourceTree = "<group>"; };
		6709402A1EFCEF4500A1722F /* Base */ = {isa = PBXFileReference; lastKnownFileType = file.storyboard; name = Base; path = Base.lproj/Main.storyboard; sourceTree = "<group>"; };
		6709402C1EFCEF4500A1722F /* Assets.xcassets */ = {isa = PBXFileReference; lastKnownFileType = folder.assetcatalog; path = Assets.xcassets; sourceTree = "<group>"; };
		6709402F1EFCEF4500A1722F /* Base */ = {isa = PBXFileReference; lastKnownFileType = file.storyboard; name = Base; path = Base.lproj/LaunchScreen.storyboard; sourceTree = "<group>"; };
		670940311EFCEF4500A1722F /* Info.plist */ = {isa = PBXFileReference; lastKnownFileType = text.plist.xml; path = Info.plist; sourceTree = "<group>"; };
		670940351EFCF1E800A1722F /* CustomViewController.h */ = {isa = PBXFileReference; fileEncoding = 4; lastKnownFileType = sourcecode.c.h; path = CustomViewController.h; sourceTree = "<group>"; };
		670940361EFCF1E800A1722F /* CustomViewController.m */ = {isa = PBXFileReference; fileEncoding = 4; lastKnownFileType = sourcecode.c.objc; path = CustomViewController.m; sourceTree = "<group>"; };
		67282AF420871F180095B77A /* 地图测试Demo.app */ = {isa = PBXFileReference; explicitFileType = wrapper.application; includeInIndex = 0; path = "地图测试Demo.app"; sourceTree = BUILT_PRODUCTS_DIR; };
		67282AF620871F180095B77A /* AppDelegate.h */ = {isa = PBXFileReference; lastKnownFileType = sourcecode.c.h; path = AppDelegate.h; sourceTree = "<group>"; };
		67282AF720871F180095B77A /* AppDelegate.m */ = {isa = PBXFileReference; lastKnownFileType = sourcecode.c.objc; path = AppDelegate.m; sourceTree = "<group>"; };
		67282AF920871F180095B77A /* ViewController.h */ = {isa = PBXFileReference; lastKnownFileType = sourcecode.c.h; path = ViewController.h; sourceTree = "<group>"; };
		67282AFA20871F180095B77A /* ViewController.m */ = {isa = PBXFileReference; lastKnownFileType = sourcecode.c.objc; path = ViewController.m; sourceTree = "<group>"; };
		67282AFD20871F180095B77A /* Base */ = {isa = PBXFileReference; lastKnownFileType = file.storyboard; name = Base; path = Base.lproj/Main.storyboard; sourceTree = "<group>"; };
		67282AFF20871F180095B77A /* Assets.xcassets */ = {isa = PBXFileReference; lastKnownFileType = folder.assetcatalog; path = Assets.xcassets; sourceTree = "<group>"; };
		67282B0220871F180095B77A /* Base */ = {isa = PBXFileReference; lastKnownFileType = file.storyboard; name = Base; path = Base.lproj/LaunchScreen.storyboard; sourceTree = "<group>"; };
		67282B0420871F180095B77A /* Info.plist */ = {isa = PBXFileReference; lastKnownFileType = text.plist.xml; path = Info.plist; sourceTree = "<group>"; };
		67282B0520871F180095B77A /* main.m */ = {isa = PBXFileReference; lastKnownFileType = sourcecode.c.objc; path = main.m; sourceTree = "<group>"; };
		6752618B1F136E0800C73B35 /* TextField的DidBeginEditing代理.app */ = {isa = PBXFileReference; explicitFileType = wrapper.application; includeInIndex = 0; path = "TextField的DidBeginEditing代理.app"; sourceTree = BUILT_PRODUCTS_DIR; };
		6752618D1F136E0800C73B35 /* AppDelegate.swift */ = {isa = PBXFileReference; lastKnownFileType = sourcecode.swift; path = AppDelegate.swift; sourceTree = "<group>"; };
		6752618F1F136E0800C73B35 /* ViewController.swift */ = {isa = PBXFileReference; lastKnownFileType = sourcecode.swift; path = ViewController.swift; sourceTree = "<group>"; };
		675261921F136E0800C73B35 /* Base */ = {isa = PBXFileReference; lastKnownFileType = file.storyboard; name = Base; path = Base.lproj/Main.storyboard; sourceTree = "<group>"; };
		675261941F136E0800C73B35 /* Assets.xcassets */ = {isa = PBXFileReference; lastKnownFileType = folder.assetcatalog; path = Assets.xcassets; sourceTree = "<group>"; };
		675261971F136E0800C73B35 /* Base */ = {isa = PBXFileReference; lastKnownFileType = file.storyboard; name = Base; path = Base.lproj/LaunchScreen.storyboard; sourceTree = "<group>"; };
		675261991F136E0800C73B35 /* Info.plist */ = {isa = PBXFileReference; lastKnownFileType = text.plist.xml; path = Info.plist; sourceTree = "<group>"; };
		675E22281EB9BD13004E616F /* Manager.h */ = {isa = PBXFileReference; fileEncoding = 4; lastKnownFileType = sourcecode.c.h; path = Manager.h; sourceTree = "<group>"; };
		675E22291EB9BD13004E616F /* Manager.m */ = {isa = PBXFileReference; fileEncoding = 4; lastKnownFileType = sourcecode.c.objc; path = Manager.m; sourceTree = "<group>"; };
		675E222B1EB9BE87004E616F /* A.h */ = {isa = PBXFileReference; fileEncoding = 4; lastKnownFileType = sourcecode.c.h; path = A.h; sourceTree = "<group>"; };
		675E222C1EB9BE87004E616F /* A.m */ = {isa = PBXFileReference; fileEncoding = 4; lastKnownFileType = sourcecode.c.objc; path = A.m; sourceTree = "<group>"; };
		675E222E1EB9BE92004E616F /* B.h */ = {isa = PBXFileReference; fileEncoding = 4; lastKnownFileType = sourcecode.c.h; path = B.h; sourceTree = "<group>"; };
		675E222F1EB9BE92004E616F /* B.m */ = {isa = PBXFileReference; fileEncoding = 4; lastKnownFileType = sourcecode.c.objc; path = B.m; sourceTree = "<group>"; };
		675E22311EB9BE9A004E616F /* C.h */ = {isa = PBXFileReference; fileEncoding = 4; lastKnownFileType = sourcecode.c.h; path = C.h; sourceTree = "<group>"; };
		675E22321EB9BE9A004E616F /* C.m */ = {isa = PBXFileReference; fileEncoding = 4; lastKnownFileType = sourcecode.c.objc; path = C.m; sourceTree = "<group>"; };
		67790FD61EFBA40000790503 /* 奇怪的约束不显示.app */ = {isa = PBXFileReference; explicitFileType = wrapper.application; includeInIndex = 0; path = "奇怪的约束不显示.app"; sourceTree = BUILT_PRODUCTS_DIR; };
		67790FD91EFBA40000790503 /* main.m */ = {isa = PBXFileReference; lastKnownFileType = sourcecode.c.objc; path = main.m; sourceTree = "<group>"; };
		67790FDB1EFBA40000790503 /* AppDelegate.h */ = {isa = PBXFileReference; lastKnownFileType = sourcecode.c.h; path = AppDelegate.h; sourceTree = "<group>"; };
		67790FDC1EFBA40000790503 /* AppDelegate.m */ = {isa = PBXFileReference; lastKnownFileType = sourcecode.c.objc; path = AppDelegate.m; sourceTree = "<group>"; };
		67790FE21EFBA40000790503 /* Base */ = {isa = PBXFileReference; lastKnownFileType = file.storyboard; name = Base; path = Base.lproj/Main.storyboard; sourceTree = "<group>"; };
		67790FE41EFBA40000790503 /* Assets.xcassets */ = {isa = PBXFileReference; lastKnownFileType = folder.assetcatalog; path = Assets.xcassets; sourceTree = "<group>"; };
		67790FE71EFBA40000790503 /* Base */ = {isa = PBXFileReference; lastKnownFileType = file.storyboard; name = Base; path = Base.lproj/LaunchScreen.storyboard; sourceTree = "<group>"; };
		67790FE91EFBA40000790503 /* Info.plist */ = {isa = PBXFileReference; lastKnownFileType = text.plist.xml; path = Info.plist; sourceTree = "<group>"; };
		67790FED1EFBA42800790503 /* TableViewController.h */ = {isa = PBXFileReference; fileEncoding = 4; lastKnownFileType = sourcecode.c.h; path = TableViewController.h; sourceTree = "<group>"; };
		67790FEE1EFBA42800790503 /* TableViewController.m */ = {isa = PBXFileReference; fileEncoding = 4; lastKnownFileType = sourcecode.c.objc; path = TableViewController.m; sourceTree = "<group>"; };
		67790FF01EFBA4CE00790503 /* TableViewCell.h */ = {isa = PBXFileReference; fileEncoding = 4; lastKnownFileType = sourcecode.c.h; path = TableViewCell.h; sourceTree = "<group>"; };
		67790FF11EFBA4CE00790503 /* TableViewCell.m */ = {isa = PBXFileReference; fileEncoding = 4; lastKnownFileType = sourcecode.c.objc; path = TableViewCell.m; sourceTree = "<group>"; };
		67790FF61EFBA75900790503 /* MASCompositeConstraint.h */ = {isa = PBXFileReference; fileEncoding = 4; lastKnownFileType = sourcecode.c.h; path = MASCompositeConstraint.h; sourceTree = "<group>"; };
		67790FF71EFBA75900790503 /* MASCompositeConstraint.m */ = {isa = PBXFileReference; fileEncoding = 4; lastKnownFileType = sourcecode.c.objc; path = MASCompositeConstraint.m; sourceTree = "<group>"; };
		67790FF81EFBA75900790503 /* MASConstraint+Private.h */ = {isa = PBXFileReference; fileEncoding = 4; lastKnownFileType = sourcecode.c.h; path = "MASConstraint+Private.h"; sourceTree = "<group>"; };
		67790FF91EFBA75900790503 /* MASConstraint.h */ = {isa = PBXFileReference; fileEncoding = 4; lastKnownFileType = sourcecode.c.h; path = MASConstraint.h; sourceTree = "<group>"; };
		67790FFA1EFBA75900790503 /* MASConstraint.m */ = {isa = PBXFileReference; fileEncoding = 4; lastKnownFileType = sourcecode.c.objc; path = MASConstraint.m; sourceTree = "<group>"; };
		67790FFB1EFBA75900790503 /* MASConstraintMaker.h */ = {isa = PBXFileReference; fileEncoding = 4; lastKnownFileType = sourcecode.c.h; path = MASConstraintMaker.h; sourceTree = "<group>"; };
		67790FFC1EFBA75900790503 /* MASConstraintMaker.m */ = {isa = PBXFileReference; fileEncoding = 4; lastKnownFileType = sourcecode.c.objc; path = MASConstraintMaker.m; sourceTree = "<group>"; };
		67790FFD1EFBA75900790503 /* MASLayoutConstraint.h */ = {isa = PBXFileReference; fileEncoding = 4; lastKnownFileType = sourcecode.c.h; path = MASLayoutConstraint.h; sourceTree = "<group>"; };
		67790FFE1EFBA75900790503 /* MASLayoutConstraint.m */ = {isa = PBXFileReference; fileEncoding = 4; lastKnownFileType = sourcecode.c.objc; path = MASLayoutConstraint.m; sourceTree = "<group>"; };
		67790FFF1EFBA75900790503 /* Masonry.h */ = {isa = PBXFileReference; fileEncoding = 4; lastKnownFileType = sourcecode.c.h; path = Masonry.h; sourceTree = "<group>"; };
		677910001EFBA75900790503 /* MASUtilities.h */ = {isa = PBXFileReference; fileEncoding = 4; lastKnownFileType = sourcecode.c.h; path = MASUtilities.h; sourceTree = "<group>"; };
		677910011EFBA75900790503 /* MASViewAttribute.h */ = {isa = PBXFileReference; fileEncoding = 4; lastKnownFileType = sourcecode.c.h; path = MASViewAttribute.h; sourceTree = "<group>"; };
		677910021EFBA75900790503 /* MASViewAttribute.m */ = {isa = PBXFileReference; fileEncoding = 4; lastKnownFileType = sourcecode.c.objc; path = MASViewAttribute.m; sourceTree = "<group>"; };
		677910031EFBA75900790503 /* MASViewConstraint.h */ = {isa = PBXFileReference; fileEncoding = 4; lastKnownFileType = sourcecode.c.h; path = MASViewConstraint.h; sourceTree = "<group>"; };
		677910041EFBA75900790503 /* MASViewConstraint.m */ = {isa = PBXFileReference; fileEncoding = 4; lastKnownFileType = sourcecode.c.objc; path = MASViewConstraint.m; sourceTree = "<group>"; };
		677910051EFBA75900790503 /* NSArray+MASAdditions.h */ = {isa = PBXFileReference; fileEncoding = 4; lastKnownFileType = sourcecode.c.h; path = "NSArray+MASAdditions.h"; sourceTree = "<group>"; };
		677910061EFBA75900790503 /* NSArray+MASAdditions.m */ = {isa = PBXFileReference; fileEncoding = 4; lastKnownFileType = sourcecode.c.objc; path = "NSArray+MASAdditions.m"; sourceTree = "<group>"; };
		677910071EFBA75900790503 /* NSArray+MASShorthandAdditions.h */ = {isa = PBXFileReference; fileEncoding = 4; lastKnownFileType = sourcecode.c.h; path = "NSArray+MASShorthandAdditions.h"; sourceTree = "<group>"; };
		677910081EFBA75900790503 /* NSLayoutConstraint+MASDebugAdditions.h */ = {isa = PBXFileReference; fileEncoding = 4; lastKnownFileType = sourcecode.c.h; path = "NSLayoutConstraint+MASDebugAdditions.h"; sourceTree = "<group>"; };
		677910091EFBA75900790503 /* NSLayoutConstraint+MASDebugAdditions.m */ = {isa = PBXFileReference; fileEncoding = 4; lastKnownFileType = sourcecode.c.objc; path = "NSLayoutConstraint+MASDebugAdditions.m"; sourceTree = "<group>"; };
		6779100A1EFBA75900790503 /* View+MASAdditions.h */ = {isa = PBXFileReference; fileEncoding = 4; lastKnownFileType = sourcecode.c.h; path = "View+MASAdditions.h"; sourceTree = "<group>"; };
		6779100B1EFBA75900790503 /* View+MASAdditions.m */ = {isa = PBXFileReference; fileEncoding = 4; lastKnownFileType = sourcecode.c.objc; path = "View+MASAdditions.m"; sourceTree = "<group>"; };
		6779100C1EFBA75900790503 /* View+MASShorthandAdditions.h */ = {isa = PBXFileReference; fileEncoding = 4; lastKnownFileType = sourcecode.c.h; path = "View+MASShorthandAdditions.h"; sourceTree = "<group>"; };
		6779100D1EFBA75900790503 /* ViewController+MASAdditions.h */ = {isa = PBXFileReference; fileEncoding = 4; lastKnownFileType = sourcecode.c.h; path = "ViewController+MASAdditions.h"; sourceTree = "<group>"; };
		6779100E1EFBA75900790503 /* ViewController+MASAdditions.m */ = {isa = PBXFileReference; fileEncoding = 4; lastKnownFileType = sourcecode.c.objc; path = "ViewController+MASAdditions.m"; sourceTree = "<group>"; };
		6784087E1EE8F048006AD1DB /* 结构体赋值.app */ = {isa = PBXFileReference; explicitFileType = wrapper.application; includeInIndex = 0; path = "结构体赋值.app"; sourceTree = BUILT_PRODUCTS_DIR; };
		678408811EE8F048006AD1DB /* main.m */ = {isa = PBXFileReference; lastKnownFileType = sourcecode.c.objc; path = main.m; sourceTree = "<group>"; };
		678408831EE8F048006AD1DB /* AppDelegate.h */ = {isa = PBXFileReference; lastKnownFileType = sourcecode.c.h; path = AppDelegate.h; sourceTree = "<group>"; };
		678408841EE8F048006AD1DB /* AppDelegate.m */ = {isa = PBXFileReference; lastKnownFileType = sourcecode.c.objc; path = AppDelegate.m; sourceTree = "<group>"; };
		678408861EE8F048006AD1DB /* ViewController.h */ = {isa = PBXFileReference; lastKnownFileType = sourcecode.c.h; path = ViewController.h; sourceTree = "<group>"; };
		678408871EE8F048006AD1DB /* ViewController.m */ = {isa = PBXFileReference; lastKnownFileType = sourcecode.c.objc; path = ViewController.m; sourceTree = "<group>"; };
		6784088A1EE8F048006AD1DB /* Base */ = {isa = PBXFileReference; lastKnownFileType = file.storyboard; name = Base; path = Base.lproj/Main.storyboard; sourceTree = "<group>"; };
		6784088C1EE8F048006AD1DB /* Assets.xcassets */ = {isa = PBXFileReference; lastKnownFileType = folder.assetcatalog; path = Assets.xcassets; sourceTree = "<group>"; };
		6784088F1EE8F048006AD1DB /* Base */ = {isa = PBXFileReference; lastKnownFileType = file.storyboard; name = Base; path = Base.lproj/LaunchScreen.storyboard; sourceTree = "<group>"; };
		678408911EE8F048006AD1DB /* Info.plist */ = {isa = PBXFileReference; lastKnownFileType = text.plist.xml; path = Info.plist; sourceTree = "<group>"; };
		67DD21981EB21F100009D2FB /* 测试界面.app */ = {isa = PBXFileReference; explicitFileType = wrapper.application; includeInIndex = 0; path = "测试界面.app"; sourceTree = BUILT_PRODUCTS_DIR; };
		67DD219C1EB21F100009D2FB /* main.m */ = {isa = PBXFileReference; lastKnownFileType = sourcecode.c.objc; path = main.m; sourceTree = "<group>"; };
		67DD219E1EB21F100009D2FB /* AppDelegate.h */ = {isa = PBXFileReference; lastKnownFileType = sourcecode.c.h; path = AppDelegate.h; sourceTree = "<group>"; };
		67DD219F1EB21F100009D2FB /* AppDelegate.m */ = {isa = PBXFileReference; lastKnownFileType = sourcecode.c.objc; path = AppDelegate.m; sourceTree = "<group>"; };
		67DD21A11EB21F100009D2FB /* ViewController.h */ = {isa = PBXFileReference; lastKnownFileType = sourcecode.c.h; path = ViewController.h; sourceTree = "<group>"; };
		67DD21A21EB21F100009D2FB /* ViewController.m */ = {isa = PBXFileReference; lastKnownFileType = sourcecode.c.objc; path = ViewController.m; sourceTree = "<group>"; };
		67DD21A51EB21F100009D2FB /* Base */ = {isa = PBXFileReference; lastKnownFileType = file.storyboard; name = Base; path = Base.lproj/Main.storyboard; sourceTree = "<group>"; };
		67DD21A71EB21F100009D2FB /* Assets.xcassets */ = {isa = PBXFileReference; lastKnownFileType = folder.assetcatalog; path = Assets.xcassets; sourceTree = "<group>"; };
		67DD21AA1EB21F100009D2FB /* Base */ = {isa = PBXFileReference; lastKnownFileType = file.storyboard; name = Base; path = Base.lproj/LaunchScreen.storyboard; sourceTree = "<group>"; };
		67DD21AC1EB21F100009D2FB /* Info.plist */ = {isa = PBXFileReference; lastKnownFileType = text.plist.xml; path = Info.plist; sourceTree = "<group>"; };
		67DD21B61EB21F4D0009D2FB /* 出境循环引用文件对比.app */ = {isa = PBXFileReference; explicitFileType = wrapper.application; includeInIndex = 0; path = "出境循环引用文件对比.app"; sourceTree = BUILT_PRODUCTS_DIR; };
		67DD21B91EB21F4D0009D2FB /* main.m */ = {isa = PBXFileReference; lastKnownFileType = sourcecode.c.objc; path = main.m; sourceTree = "<group>"; };
		67DD21BB1EB21F4D0009D2FB /* AppDelegate.h */ = {isa = PBXFileReference; lastKnownFileType = sourcecode.c.h; path = AppDelegate.h; sourceTree = "<group>"; };
		67DD21BC1EB21F4D0009D2FB /* AppDelegate.m */ = {isa = PBXFileReference; lastKnownFileType = sourcecode.c.objc; path = AppDelegate.m; sourceTree = "<group>"; };
		67DD21BE1EB21F4D0009D2FB /* ViewController.h */ = {isa = PBXFileReference; lastKnownFileType = sourcecode.c.h; path = ViewController.h; sourceTree = "<group>"; };
		67DD21BF1EB21F4D0009D2FB /* ViewController.m */ = {isa = PBXFileReference; lastKnownFileType = sourcecode.c.objc; path = ViewController.m; sourceTree = "<group>"; };
		67DD21C21EB21F4D0009D2FB /* Base */ = {isa = PBXFileReference; lastKnownFileType = file.storyboard; name = Base; path = Base.lproj/Main.storyboard; sourceTree = "<group>"; };
		67DD21C41EB21F4D0009D2FB /* Assets.xcassets */ = {isa = PBXFileReference; lastKnownFileType = folder.assetcatalog; path = Assets.xcassets; sourceTree = "<group>"; };
		67DD21C71EB21F4D0009D2FB /* Base */ = {isa = PBXFileReference; lastKnownFileType = file.storyboard; name = Base; path = Base.lproj/LaunchScreen.storyboard; sourceTree = "<group>"; };
		67DD21C91EB21F4E0009D2FB /* Info.plist */ = {isa = PBXFileReference; lastKnownFileType = text.plist.xml; path = Info.plist; sourceTree = "<group>"; };
		67DD21DD1EB320470009D2FB /* UICollectionView.app */ = {isa = PBXFileReference; explicitFileType = wrapper.application; includeInIndex = 0; path = UICollectionView.app; sourceTree = BUILT_PRODUCTS_DIR; };
		67DD21E01EB320470009D2FB /* main.m */ = {isa = PBXFileReference; lastKnownFileType = sourcecode.c.objc; path = main.m; sourceTree = "<group>"; };
		67DD21E21EB320470009D2FB /* AppDelegate.h */ = {isa = PBXFileReference; lastKnownFileType = sourcecode.c.h; path = AppDelegate.h; sourceTree = "<group>"; };
		67DD21E31EB320470009D2FB /* AppDelegate.m */ = {isa = PBXFileReference; lastKnownFileType = sourcecode.c.objc; path = AppDelegate.m; sourceTree = "<group>"; };
		67DD21E51EB320470009D2FB /* ViewController.h */ = {isa = PBXFileReference; lastKnownFileType = sourcecode.c.h; path = ViewController.h; sourceTree = "<group>"; };
		67DD21E61EB320470009D2FB /* ViewController.m */ = {isa = PBXFileReference; lastKnownFileType = sourcecode.c.objc; path = ViewController.m; sourceTree = "<group>"; };
		67DD21E91EB320470009D2FB /* Base */ = {isa = PBXFileReference; lastKnownFileType = file.storyboard; name = Base; path = Base.lproj/Main.storyboard; sourceTree = "<group>"; };
		67DD21EB1EB320470009D2FB /* Assets.xcassets */ = {isa = PBXFileReference; lastKnownFileType = folder.assetcatalog; path = Assets.xcassets; sourceTree = "<group>"; };
		67DD21EE1EB320470009D2FB /* Base */ = {isa = PBXFileReference; lastKnownFileType = file.storyboard; name = Base; path = Base.lproj/LaunchScreen.storyboard; sourceTree = "<group>"; };
		67DD21F01EB320470009D2FB /* Info.plist */ = {isa = PBXFileReference; lastKnownFileType = text.plist.xml; path = Info.plist; sourceTree = "<group>"; };
		67DD21F41EB320A10009D2FB /* CollectionViewController.h */ = {isa = PBXFileReference; fileEncoding = 4; lastKnownFileType = sourcecode.c.h; path = CollectionViewController.h; sourceTree = "<group>"; };
		67DD21F51EB320A10009D2FB /* CollectionViewController.m */ = {isa = PBXFileReference; fileEncoding = 4; lastKnownFileType = sourcecode.c.objc; path = CollectionViewController.m; sourceTree = "<group>"; };
		B7D918FF516BAF76B11F162A /* Pods-测试界面.debug.xcconfig */ = {isa = PBXFileReference; includeInIndex = 1; lastKnownFileType = text.xcconfig; name = "Pods-测试界面.debug.xcconfig"; path = "Pods/Target Support Files/Pods-测试界面/Pods-测试界面.debug.xcconfig"; sourceTree = "<group>"; };
/* End PBXFileReference section */

/* Begin PBXFrameworksBuildPhase section */
		6709401B1EFCEF4500A1722F /* Frameworks */ = {
			isa = PBXFrameworksBuildPhase;
			buildActionMask = 2147483647;
			files = (
			);
			runOnlyForDeploymentPostprocessing = 0;
		};
		67282AF120871F180095B77A /* Frameworks */ = {
			isa = PBXFrameworksBuildPhase;
			buildActionMask = 2147483647;
			files = (
			);
			runOnlyForDeploymentPostprocessing = 0;
		};
		675261881F136E0800C73B35 /* Frameworks */ = {
			isa = PBXFrameworksBuildPhase;
			buildActionMask = 2147483647;
			files = (
			);
			runOnlyForDeploymentPostprocessing = 0;
		};
		67790FD31EFBA40000790503 /* Frameworks */ = {
			isa = PBXFrameworksBuildPhase;
			buildActionMask = 2147483647;
			files = (
			);
			runOnlyForDeploymentPostprocessing = 0;
		};
		6784087B1EE8F048006AD1DB /* Frameworks */ = {
			isa = PBXFrameworksBuildPhase;
			buildActionMask = 2147483647;
			files = (
			);
			runOnlyForDeploymentPostprocessing = 0;
		};
		67DD21951EB21F100009D2FB /* Frameworks */ = {
			isa = PBXFrameworksBuildPhase;
			buildActionMask = 2147483647;
			files = (
				B473AA147186878BA6B1782C /* Pods_____.framework in Frameworks */,
			);
			runOnlyForDeploymentPostprocessing = 0;
		};
		67DD21B31EB21F4D0009D2FB /* Frameworks */ = {
			isa = PBXFrameworksBuildPhase;
			buildActionMask = 2147483647;
			files = (
			);
			runOnlyForDeploymentPostprocessing = 0;
		};
		67DD21DA1EB320470009D2FB /* Frameworks */ = {
			isa = PBXFrameworksBuildPhase;
			buildActionMask = 2147483647;
			files = (
			);
			runOnlyForDeploymentPostprocessing = 0;
		};
/* End PBXFrameworksBuildPhase section */

/* Begin PBXGroup section */
		6709401F1EFCEF4500A1722F /* 可编辑的TableViewCell */ = {
			isa = PBXGroup;
			children = (
				670940231EFCEF4500A1722F /* AppDelegate.h */,
				670940241EFCEF4500A1722F /* AppDelegate.m */,
				670940261EFCEF4500A1722F /* ViewController.h */,
				670940271EFCEF4500A1722F /* ViewController.m */,
				670940351EFCF1E800A1722F /* CustomViewController.h */,
				670940361EFCF1E800A1722F /* CustomViewController.m */,
				670940201EFCEF4500A1722F /* Supporting Files */,
			);
			path = "可编辑的TableViewCell";
			sourceTree = "<group>";
		};
		670940201EFCEF4500A1722F /* Supporting Files */ = {
			isa = PBXGroup;
			children = (
				670940291EFCEF4500A1722F /* Main.storyboard */,
				6709402C1EFCEF4500A1722F /* Assets.xcassets */,
				6709402E1EFCEF4500A1722F /* LaunchScreen.storyboard */,
				670940311EFCEF4500A1722F /* Info.plist */,
				670940211EFCEF4500A1722F /* main.m */,
			);
			name = "Supporting Files";
			sourceTree = "<group>";
		};
		67282AF520871F180095B77A /* 地图测试Demo */ = {
			isa = PBXGroup;
			children = (
				67282AF620871F180095B77A /* AppDelegate.h */,
				67282AF720871F180095B77A /* AppDelegate.m */,
				67282AF920871F180095B77A /* ViewController.h */,
				67282AFA20871F180095B77A /* ViewController.m */,
				67282AFC20871F180095B77A /* Main.storyboard */,
				67282AFF20871F180095B77A /* Assets.xcassets */,
				67282B0120871F180095B77A /* LaunchScreen.storyboard */,
				67282B0420871F180095B77A /* Info.plist */,
				67282B0520871F180095B77A /* main.m */,
			);
			path = "地图测试Demo";
			sourceTree = "<group>";
		};
		6752618C1F136E0800C73B35 /* TextField的DidBeginEditing代理 */ = {
			isa = PBXGroup;
			children = (
				6752618D1F136E0800C73B35 /* AppDelegate.swift */,
				6752618F1F136E0800C73B35 /* ViewController.swift */,
				675261911F136E0800C73B35 /* Main.storyboard */,
				675261941F136E0800C73B35 /* Assets.xcassets */,
				675261961F136E0800C73B35 /* LaunchScreen.storyboard */,
				675261991F136E0800C73B35 /* Info.plist */,
			);
			path = "TextField的DidBeginEditing代理";
			sourceTree = "<group>";
		};
		67790FD71EFBA40000790503 /* 奇怪的约束不显示 */ = {
			isa = PBXGroup;
			children = (
				67790FF31EFBA75900790503 /* Masonry */,
				67790FDB1EFBA40000790503 /* AppDelegate.h */,
				67790FDC1EFBA40000790503 /* AppDelegate.m */,
				67790FF01EFBA4CE00790503 /* TableViewCell.h */,
				67790FF11EFBA4CE00790503 /* TableViewCell.m */,
				67790FED1EFBA42800790503 /* TableViewController.h */,
				67790FEE1EFBA42800790503 /* TableViewController.m */,
				67790FE11EFBA40000790503 /* Main.storyboard */,
				67790FE41EFBA40000790503 /* Assets.xcassets */,
				67790FE61EFBA40000790503 /* LaunchScreen.storyboard */,
				67790FE91EFBA40000790503 /* Info.plist */,
				67790FD81EFBA40000790503 /* Supporting Files */,
			);
			path = "奇怪的约束不显示";
			sourceTree = "<group>";
		};
		67790FD81EFBA40000790503 /* Supporting Files */ = {
			isa = PBXGroup;
			children = (
				67790FD91EFBA40000790503 /* main.m */,
			);
			name = "Supporting Files";
			sourceTree = "<group>";
		};
		67790FF31EFBA75900790503 /* Masonry */ = {
			isa = PBXGroup;
			children = (
				67790FF51EFBA75900790503 /* Masonry */,
			);
			path = Masonry;
			sourceTree = "<group>";
		};
		67790FF51EFBA75900790503 /* Masonry */ = {
			isa = PBXGroup;
			children = (
				67790FF61EFBA75900790503 /* MASCompositeConstraint.h */,
				67790FF71EFBA75900790503 /* MASCompositeConstraint.m */,
				67790FF81EFBA75900790503 /* MASConstraint+Private.h */,
				67790FF91EFBA75900790503 /* MASConstraint.h */,
				67790FFA1EFBA75900790503 /* MASConstraint.m */,
				67790FFB1EFBA75900790503 /* MASConstraintMaker.h */,
				67790FFC1EFBA75900790503 /* MASConstraintMaker.m */,
				67790FFD1EFBA75900790503 /* MASLayoutConstraint.h */,
				67790FFE1EFBA75900790503 /* MASLayoutConstraint.m */,
				67790FFF1EFBA75900790503 /* Masonry.h */,
				677910001EFBA75900790503 /* MASUtilities.h */,
				677910011EFBA75900790503 /* MASViewAttribute.h */,
				677910021EFBA75900790503 /* MASViewAttribute.m */,
				677910031EFBA75900790503 /* MASViewConstraint.h */,
				677910041EFBA75900790503 /* MASViewConstraint.m */,
				677910051EFBA75900790503 /* NSArray+MASAdditions.h */,
				677910061EFBA75900790503 /* NSArray+MASAdditions.m */,
				677910071EFBA75900790503 /* NSArray+MASShorthandAdditions.h */,
				677910081EFBA75900790503 /* NSLayoutConstraint+MASDebugAdditions.h */,
				677910091EFBA75900790503 /* NSLayoutConstraint+MASDebugAdditions.m */,
				6779100A1EFBA75900790503 /* View+MASAdditions.h */,
				6779100B1EFBA75900790503 /* View+MASAdditions.m */,
				6779100C1EFBA75900790503 /* View+MASShorthandAdditions.h */,
				6779100D1EFBA75900790503 /* ViewController+MASAdditions.h */,
				6779100E1EFBA75900790503 /* ViewController+MASAdditions.m */,
			);
			path = Masonry;
			sourceTree = "<group>";
		};
		6784087F1EE8F048006AD1DB /* 结构体赋值 */ = {
			isa = PBXGroup;
			children = (
				678408831EE8F048006AD1DB /* AppDelegate.h */,
				678408841EE8F048006AD1DB /* AppDelegate.m */,
				678408861EE8F048006AD1DB /* ViewController.h */,
				678408871EE8F048006AD1DB /* ViewController.m */,
				678408891EE8F048006AD1DB /* Main.storyboard */,
				6784088C1EE8F048006AD1DB /* Assets.xcassets */,
				6784088E1EE8F048006AD1DB /* LaunchScreen.storyboard */,
				678408911EE8F048006AD1DB /* Info.plist */,
				678408801EE8F048006AD1DB /* Supporting Files */,
			);
			path = "结构体赋值";
			sourceTree = "<group>";
		};
		678408801EE8F048006AD1DB /* Supporting Files */ = {
			isa = PBXGroup;
			children = (
				678408811EE8F048006AD1DB /* main.m */,
			);
			name = "Supporting Files";
			sourceTree = "<group>";
		};
		67DD218F1EB21F100009D2FB = {
			isa = PBXGroup;
			children = (
				67DD219A1EB21F100009D2FB /* 测试界面 */,
				67DD21B71EB21F4D0009D2FB /* 出境循环引用文件对比 */,
				67DD21DE1EB320470009D2FB /* UICollectionView */,
				6784087F1EE8F048006AD1DB /* 结构体赋值 */,
				67790FD71EFBA40000790503 /* 奇怪的约束不显示 */,
				6709401F1EFCEF4500A1722F /* 可编辑的TableViewCell */,
				6752618C1F136E0800C73B35 /* TextField的DidBeginEditing代理 */,
				67282AF520871F180095B77A /* 地图测试Demo */,
				67DD21991EB21F100009D2FB /* Products */,
				F9783ED28634FB7A400CB893 /* Pods */,
				7CE5F2AA43891DAEB099BE46 /* Frameworks */,
			);
			sourceTree = "<group>";
		};
		67DD21991EB21F100009D2FB /* Products */ = {
			isa = PBXGroup;
			children = (
				67DD21981EB21F100009D2FB /* 测试界面.app */,
				67DD21B61EB21F4D0009D2FB /* 出境循环引用文件对比.app */,
				67DD21DD1EB320470009D2FB /* UICollectionView.app */,
				6784087E1EE8F048006AD1DB /* 结构体赋值.app */,
				67790FD61EFBA40000790503 /* 奇怪的约束不显示.app */,
				6709401E1EFCEF4500A1722F /* 可编辑的TableViewCell.app */,
				6752618B1F136E0800C73B35 /* TextField的DidBeginEditing代理.app */,
				67282AF420871F180095B77A /* 地图测试Demo.app */,
			);
			name = Products;
			sourceTree = "<group>";
		};
		67DD219A1EB21F100009D2FB /* 测试界面 */ = {
			isa = PBXGroup;
			children = (
				67DD219E1EB21F100009D2FB /* AppDelegate.h */,
				67DD219F1EB21F100009D2FB /* AppDelegate.m */,
				67DD21A11EB21F100009D2FB /* ViewController.h */,
				67DD21A21EB21F100009D2FB /* ViewController.m */,
				67DD21A41EB21F100009D2FB /* Main.storyboard */,
				67DD21A71EB21F100009D2FB /* Assets.xcassets */,
				67DD21A91EB21F100009D2FB /* LaunchScreen.storyboard */,
				67DD21AC1EB21F100009D2FB /* Info.plist */,
				67DD219B1EB21F100009D2FB /* Supporting Files */,
			);
			path = "测试界面";
			sourceTree = "<group>";
		};
		67DD219B1EB21F100009D2FB /* Supporting Files */ = {
			isa = PBXGroup;
			children = (
				67DD219C1EB21F100009D2FB /* main.m */,
			);
			name = "Supporting Files";
			sourceTree = "<group>";
		};
		67DD21B71EB21F4D0009D2FB /* 出境循环引用文件对比 */ = {
			isa = PBXGroup;
			children = (
				67DD21BB1EB21F4D0009D2FB /* AppDelegate.h */,
				67DD21BC1EB21F4D0009D2FB /* AppDelegate.m */,
				675E22281EB9BD13004E616F /* Manager.h */,
				675E22291EB9BD13004E616F /* Manager.m */,
				675E222B1EB9BE87004E616F /* A.h */,
				675E222C1EB9BE87004E616F /* A.m */,
				675E222E1EB9BE92004E616F /* B.h */,
				675E222F1EB9BE92004E616F /* B.m */,
				675E22311EB9BE9A004E616F /* C.h */,
				675E22321EB9BE9A004E616F /* C.m */,
				67DD21BE1EB21F4D0009D2FB /* ViewController.h */,
				67DD21BF1EB21F4D0009D2FB /* ViewController.m */,
				67DD21C11EB21F4D0009D2FB /* Main.storyboard */,
				67DD21C41EB21F4D0009D2FB /* Assets.xcassets */,
				67DD21C61EB21F4D0009D2FB /* LaunchScreen.storyboard */,
				67DD21C91EB21F4E0009D2FB /* Info.plist */,
				67DD21B81EB21F4D0009D2FB /* Supporting Files */,
			);
			path = "出境循环引用文件对比";
			sourceTree = "<group>";
		};
		67DD21B81EB21F4D0009D2FB /* Supporting Files */ = {
			isa = PBXGroup;
			children = (
				67DD21B91EB21F4D0009D2FB /* main.m */,
			);
			name = "Supporting Files";
			sourceTree = "<group>";
		};
		67DD21DE1EB320470009D2FB /* UICollectionView */ = {
			isa = PBXGroup;
			children = (
				67DD21E21EB320470009D2FB /* AppDelegate.h */,
				67DD21E31EB320470009D2FB /* AppDelegate.m */,
				67DD21E51EB320470009D2FB /* ViewController.h */,
				67DD21E61EB320470009D2FB /* ViewController.m */,
				67DD21F41EB320A10009D2FB /* CollectionViewController.h */,
				67DD21F51EB320A10009D2FB /* CollectionViewController.m */,
				67DD21E81EB320470009D2FB /* Main.storyboard */,
				67DD21EB1EB320470009D2FB /* Assets.xcassets */,
				67DD21ED1EB320470009D2FB /* LaunchScreen.storyboard */,
				67DD21F01EB320470009D2FB /* Info.plist */,
				67DD21DF1EB320470009D2FB /* Supporting Files */,
			);
			path = UICollectionView;
			sourceTree = "<group>";
		};
		67DD21DF1EB320470009D2FB /* Supporting Files */ = {
			isa = PBXGroup;
			children = (
				67DD21E01EB320470009D2FB /* main.m */,
			);
			name = "Supporting Files";
			sourceTree = "<group>";
		};
		7CE5F2AA43891DAEB099BE46 /* Frameworks */ = {
			isa = PBXGroup;
			children = (
				51042A49A190E993CBA50C11 /* Pods_____.framework */,
			);
			name = Frameworks;
			sourceTree = "<group>";
		};
		F9783ED28634FB7A400CB893 /* Pods */ = {
			isa = PBXGroup;
			children = (
				B7D918FF516BAF76B11F162A /* Pods-测试界面.debug.xcconfig */,
				632B975A2F014645A09D28A2 /* Pods-测试界面.release.xcconfig */,
			);
			name = Pods;
			sourceTree = "<group>";
		};
/* End PBXGroup section */

/* Begin PBXNativeTarget section */
		6709401D1EFCEF4500A1722F /* 可编辑的TableViewCell */ = {
			isa = PBXNativeTarget;
			buildConfigurationList = 670940341EFCEF4500A1722F /* Build configuration list for PBXNativeTarget "可编辑的TableViewCell" */;
			buildPhases = (
				6709401A1EFCEF4500A1722F /* Sources */,
				6709401B1EFCEF4500A1722F /* Frameworks */,
				6709401C1EFCEF4500A1722F /* Resources */,
			);
			buildRules = (
			);
			dependencies = (
			);
			name = "可编辑的TableViewCell";
			productName = "可编辑的TableViewCell";
			productReference = 6709401E1EFCEF4500A1722F /* 可编辑的TableViewCell.app */;
			productType = "com.apple.product-type.application";
		};
		67282AF320871F180095B77A /* 地图测试Demo */ = {
			isa = PBXNativeTarget;
			buildConfigurationList = 67282B0920871F180095B77A /* Build configuration list for PBXNativeTarget "地图测试Demo" */;
			buildPhases = (
				67282AF020871F180095B77A /* Sources */,
				67282AF120871F180095B77A /* Frameworks */,
				67282AF220871F180095B77A /* Resources */,
			);
			buildRules = (
			);
			dependencies = (
			);
			name = "地图测试Demo";
			productName = "地图测试Demo";
			productReference = 67282AF420871F180095B77A /* 地图测试Demo.app */;
			productType = "com.apple.product-type.application";
		};
		6752618A1F136E0800C73B35 /* TextField的DidBeginEditing代理 */ = {
			isa = PBXNativeTarget;
			buildConfigurationList = 6752619C1F136E0800C73B35 /* Build configuration list for PBXNativeTarget "TextField的DidBeginEditing代理" */;
			buildPhases = (
				675261871F136E0800C73B35 /* Sources */,
				675261881F136E0800C73B35 /* Frameworks */,
				675261891F136E0800C73B35 /* Resources */,
			);
			buildRules = (
			);
			dependencies = (
			);
			name = "TextField的DidBeginEditing代理";
			productName = "TextField的DidBeginEditing代理";
			productReference = 6752618B1F136E0800C73B35 /* TextField的DidBeginEditing代理.app */;
			productType = "com.apple.product-type.application";
		};
		67790FD51EFBA40000790503 /* 奇怪的约束不显示 */ = {
			isa = PBXNativeTarget;
			buildConfigurationList = 67790FEC1EFBA40000790503 /* Build configuration list for PBXNativeTarget "奇怪的约束不显示" */;
			buildPhases = (
				67790FD21EFBA40000790503 /* Sources */,
				67790FD31EFBA40000790503 /* Frameworks */,
				67790FD41EFBA40000790503 /* Resources */,
			);
			buildRules = (
			);
			dependencies = (
			);
			name = "奇怪的约束不显示";
			productName = "奇怪的约束不显示";
			productReference = 67790FD61EFBA40000790503 /* 奇怪的约束不显示.app */;
			productType = "com.apple.product-type.application";
		};
		6784087D1EE8F048006AD1DB /* 结构体赋值 */ = {
			isa = PBXNativeTarget;
			buildConfigurationList = 678408921EE8F048006AD1DB /* Build configuration list for PBXNativeTarget "结构体赋值" */;
			buildPhases = (
				6784087A1EE8F048006AD1DB /* Sources */,
				6784087B1EE8F048006AD1DB /* Frameworks */,
				6784087C1EE8F048006AD1DB /* Resources */,
			);
			buildRules = (
			);
			dependencies = (
			);
			name = "结构体赋值";
			productName = "结构体赋值";
			productReference = 6784087E1EE8F048006AD1DB /* 结构体赋值.app */;
			productType = "com.apple.product-type.application";
		};
		67DD21971EB21F100009D2FB /* 测试界面 */ = {
			isa = PBXNativeTarget;
			buildConfigurationList = 67DD21AF1EB21F100009D2FB /* Build configuration list for PBXNativeTarget "测试界面" */;
			buildPhases = (
				1751A9BFD417E3976C956E6D /* [CP] Check Pods Manifest.lock */,
				67DD21941EB21F100009D2FB /* Sources */,
				67DD21951EB21F100009D2FB /* Frameworks */,
				67DD21961EB21F100009D2FB /* Resources */,
				40FADB7FA683F45DA084156A /* [CP] Embed Pods Frameworks */,
				5649F5211582515209BF0735 /* [CP] Copy Pods Resources */,
			);
			buildRules = (
			);
			dependencies = (
			);
			name = "测试界面";
			productName = "测试界面";
			productReference = 67DD21981EB21F100009D2FB /* 测试界面.app */;
			productType = "com.apple.product-type.application";
		};
		67DD21B51EB21F4D0009D2FB /* 出境循环引用文件对比 */ = {
			isa = PBXNativeTarget;
			buildConfigurationList = 67DD21CA1EB21F4E0009D2FB /* Build configuration list for PBXNativeTarget "出境循环引用文件对比" */;
			buildPhases = (
				67DD21B21EB21F4D0009D2FB /* Sources */,
				67DD21B31EB21F4D0009D2FB /* Frameworks */,
				67DD21B41EB21F4D0009D2FB /* Resources */,
			);
			buildRules = (
			);
			dependencies = (
			);
			name = "出境循环引用文件对比";
			productName = "出境循环引用文件对比";
			productReference = 67DD21B61EB21F4D0009D2FB /* 出境循环引用文件对比.app */;
			productType = "com.apple.product-type.application";
		};
		67DD21DC1EB320470009D2FB /* UICollectionView */ = {
			isa = PBXNativeTarget;
			buildConfigurationList = 67DD21F11EB320470009D2FB /* Build configuration list for PBXNativeTarget "UICollectionView" */;
			buildPhases = (
				67DD21D91EB320470009D2FB /* Sources */,
				67DD21DA1EB320470009D2FB /* Frameworks */,
				67DD21DB1EB320470009D2FB /* Resources */,
			);
			buildRules = (
			);
			dependencies = (
			);
			name = UICollectionView;
			productName = UICollectionView;
			productReference = 67DD21DD1EB320470009D2FB /* UICollectionView.app */;
			productType = "com.apple.product-type.application";
		};
/* End PBXNativeTarget section */

/* Begin PBXProject section */
		67DD21901EB21F100009D2FB /* Project object */ = {
			isa = PBXProject;
			attributes = {
				LastSwiftUpdateCheck = 0830;
				LastUpgradeCheck = 0830;
				ORGANIZATIONNAME = "贺嘉炜";
				TargetAttributes = {
					6709401D1EFCEF4500A1722F = {
						CreatedOnToolsVersion = 8.3.1;
						DevelopmentTeam = 7R3MSEN8NJ;
						ProvisioningStyle = Automatic;
					};
					67282AF320871F180095B77A = {
						CreatedOnToolsVersion = 9.2;
						DevelopmentTeam = 7R3MSEN8NJ;
						ProvisioningStyle = Automatic;
					};
					6752618A1F136E0800C73B35 = {
						CreatedOnToolsVersion = 8.3.1;
						DevelopmentTeam = 7R3MSEN8NJ;
						ProvisioningStyle = Automatic;
					};
					67790FD51EFBA40000790503 = {
						CreatedOnToolsVersion = 8.3.1;
						DevelopmentTeam = 7R3MSEN8NJ;
						ProvisioningStyle = Automatic;
					};
					6784087D1EE8F048006AD1DB = {
						CreatedOnToolsVersion = 8.3.1;
						DevelopmentTeam = 7R3MSEN8NJ;
						ProvisioningStyle = Automatic;
					};
					67DD21971EB21F100009D2FB = {
						CreatedOnToolsVersion = 8.3.1;
						DevelopmentTeam = 7R3MSEN8NJ;
						ProvisioningStyle = Automatic;
					};
					67DD21B51EB21F4D0009D2FB = {
						CreatedOnToolsVersion = 8.3.1;
						DevelopmentTeam = 7R3MSEN8NJ;
						ProvisioningStyle = Automatic;
					};
					67DD21DC1EB320470009D2FB = {
						CreatedOnToolsVersion = 8.3.1;
						DevelopmentTeam = 7R3MSEN8NJ;
						ProvisioningStyle = Automatic;
					};
				};
			};
			buildConfigurationList = 67DD21931EB21F100009D2FB /* Build configuration list for PBXProject "测试界面" */;
			compatibilityVersion = "Xcode 3.2";
			developmentRegion = English;
			hasScannedForEncodings = 0;
			knownRegions = (
				en,
				Base,
			);
			mainGroup = 67DD218F1EB21F100009D2FB;
			productRefGroup = 67DD21991EB21F100009D2FB /* Products */;
			projectDirPath = "";
			projectRoot = "";
			targets = (
				67DD21971EB21F100009D2FB /* 测试界面 */,
				67DD21B51EB21F4D0009D2FB /* 出境循环引用文件对比 */,
				67DD21DC1EB320470009D2FB /* UICollectionView */,
				6784087D1EE8F048006AD1DB /* 结构体赋值 */,
				67790FD51EFBA40000790503 /* 奇怪的约束不显示 */,
				6709401D1EFCEF4500A1722F /* 可编辑的TableViewCell */,
				6752618A1F136E0800C73B35 /* TextField的DidBeginEditing代理 */,
				67282AF320871F180095B77A /* 地图测试Demo */,
			);
		};
/* End PBXProject section */

/* Begin PBXResourcesBuildPhase section */
		6709401C1EFCEF4500A1722F /* Resources */ = {
			isa = PBXResourcesBuildPhase;
			buildActionMask = 2147483647;
			files = (
				670940301EFCEF4500A1722F /* LaunchScreen.storyboard in Resources */,
				6709402D1EFCEF4500A1722F /* Assets.xcassets in Resources */,
				6709402B1EFCEF4500A1722F /* Main.storyboard in Resources */,
			);
			runOnlyForDeploymentPostprocessing = 0;
		};
		67282AF220871F180095B77A /* Resources */ = {
			isa = PBXResourcesBuildPhase;
			buildActionMask = 2147483647;
			files = (
				67282B0320871F180095B77A /* LaunchScreen.storyboard in Resources */,
				67282B0020871F180095B77A /* Assets.xcassets in Resources */,
				67282AFE20871F180095B77A /* Main.storyboard in Resources */,
			);
			runOnlyForDeploymentPostprocessing = 0;
		};
		675261891F136E0800C73B35 /* Resources */ = {
			isa = PBXResourcesBuildPhase;
			buildActionMask = 2147483647;
			files = (
				675261981F136E0800C73B35 /* LaunchScreen.storyboard in Resources */,
				675261951F136E0800C73B35 /* Assets.xcassets in Resources */,
				675261931F136E0800C73B35 /* Main.storyboard in Resources */,
			);
			runOnlyForDeploymentPostprocessing = 0;
		};
		67790FD41EFBA40000790503 /* Resources */ = {
			isa = PBXResourcesBuildPhase;
			buildActionMask = 2147483647;
			files = (
				67790FE81EFBA40000790503 /* LaunchScreen.storyboard in Resources */,
				67790FE51EFBA40000790503 /* Assets.xcassets in Resources */,
				67790FE31EFBA40000790503 /* Main.storyboard in Resources */,
			);
			runOnlyForDeploymentPostprocessing = 0;
		};
		6784087C1EE8F048006AD1DB /* Resources */ = {
			isa = PBXResourcesBuildPhase;
			buildActionMask = 2147483647;
			files = (
				678408901EE8F048006AD1DB /* LaunchScreen.storyboard in Resources */,
				6784088D1EE8F048006AD1DB /* Assets.xcassets in Resources */,
				6784088B1EE8F048006AD1DB /* Main.storyboard in Resources */,
			);
			runOnlyForDeploymentPostprocessing = 0;
		};
		67DD21961EB21F100009D2FB /* Resources */ = {
			isa = PBXResourcesBuildPhase;
			buildActionMask = 2147483647;
			files = (
				67DD21AB1EB21F100009D2FB /* LaunchScreen.storyboard in Resources */,
				67DD21A81EB21F100009D2FB /* Assets.xcassets in Resources */,
				67DD21A61EB21F100009D2FB /* Main.storyboard in Resources */,
			);
			runOnlyForDeploymentPostprocessing = 0;
		};
		67DD21B41EB21F4D0009D2FB /* Resources */ = {
			isa = PBXResourcesBuildPhase;
			buildActionMask = 2147483647;
			files = (
				67DD21C81EB21F4D0009D2FB /* LaunchScreen.storyboard in Resources */,
				67DD21C51EB21F4D0009D2FB /* Assets.xcassets in Resources */,
				67DD21C31EB21F4D0009D2FB /* Main.storyboard in Resources */,
			);
			runOnlyForDeploymentPostprocessing = 0;
		};
		67DD21DB1EB320470009D2FB /* Resources */ = {
			isa = PBXResourcesBuildPhase;
			buildActionMask = 2147483647;
			files = (
				67DD21EF1EB320470009D2FB /* LaunchScreen.storyboard in Resources */,
				67DD21EC1EB320470009D2FB /* Assets.xcassets in Resources */,
				67DD21EA1EB320470009D2FB /* Main.storyboard in Resources */,
			);
			runOnlyForDeploymentPostprocessing = 0;
		};
/* End PBXResourcesBuildPhase section */

/* Begin PBXShellScriptBuildPhase section */
		1751A9BFD417E3976C956E6D /* [CP] Check Pods Manifest.lock */ = {
			isa = PBXShellScriptBuildPhase;
			buildActionMask = 2147483647;
			files = (
			);
			inputPaths = (
			);
			name = "[CP] Check Pods Manifest.lock";
			outputPaths = (
			);
			runOnlyForDeploymentPostprocessing = 0;
			shellPath = /bin/sh;
			shellScript = "diff \"${PODS_ROOT}/../Podfile.lock\" \"${PODS_ROOT}/Manifest.lock\" > /dev/null\nif [ $? != 0 ] ; then\n    # print error to STDERR\n    echo \"error: The sandbox is not in sync with the Podfile.lock. Run 'pod install' or update your CocoaPods installation.\" >&2\n    exit 1\nfi\n";
			showEnvVarsInLog = 0;
		};
		40FADB7FA683F45DA084156A /* [CP] Embed Pods Frameworks */ = {
			isa = PBXShellScriptBuildPhase;
			buildActionMask = 2147483647;
			files = (
			);
			inputPaths = (
			);
			name = "[CP] Embed Pods Frameworks";
			outputPaths = (
			);
			runOnlyForDeploymentPostprocessing = 0;
			shellPath = /bin/sh;
			shellScript = "\"${SRCROOT}/Pods/Target Support Files/Pods-测试界面/Pods-测试界面-frameworks.sh\"\n";
			showEnvVarsInLog = 0;
		};
		5649F5211582515209BF0735 /* [CP] Copy Pods Resources */ = {
			isa = PBXShellScriptBuildPhase;
			buildActionMask = 2147483647;
			files = (
			);
			inputPaths = (
			);
			name = "[CP] Copy Pods Resources";
			outputPaths = (
			);
			runOnlyForDeploymentPostprocessing = 0;
			shellPath = /bin/sh;
			shellScript = "\"${SRCROOT}/Pods/Target Support Files/Pods-测试界面/Pods-测试界面-resources.sh\"\n";
			showEnvVarsInLog = 0;
		};
/* End PBXShellScriptBuildPhase section */

/* Begin PBXSourcesBuildPhase section */
		6709401A1EFCEF4500A1722F /* Sources */ = {
			isa = PBXSourcesBuildPhase;
			buildActionMask = 2147483647;
			files = (
				670940281EFCEF4500A1722F /* ViewController.m in Sources */,
				670940251EFCEF4500A1722F /* AppDelegate.m in Sources */,
				670940221EFCEF4500A1722F /* main.m in Sources */,
				670940371EFCF1E800A1722F /* CustomViewController.m in Sources */,
			);
			runOnlyForDeploymentPostprocessing = 0;
		};
		67282AF020871F180095B77A /* Sources */ = {
			isa = PBXSourcesBuildPhase;
			buildActionMask = 2147483647;
			files = (
				67282AFB20871F180095B77A /* ViewController.m in Sources */,
				67282B0620871F180095B77A /* main.m in Sources */,
				67282AF820871F180095B77A /* AppDelegate.m in Sources */,
			);
			runOnlyForDeploymentPostprocessing = 0;
		};
		675261871F136E0800C73B35 /* Sources */ = {
			isa = PBXSourcesBuildPhase;
			buildActionMask = 2147483647;
			files = (
				675261901F136E0800C73B35 /* ViewController.swift in Sources */,
				6752618E1F136E0800C73B35 /* AppDelegate.swift in Sources */,
			);
			runOnlyForDeploymentPostprocessing = 0;
		};
		67790FD21EFBA40000790503 /* Sources */ = {
			isa = PBXSourcesBuildPhase;
			buildActionMask = 2147483647;
			files = (
				677910131EFBA75900790503 /* MASConstraintMaker.m in Sources */,
				67790FDD1EFBA40000790503 /* AppDelegate.m in Sources */,
				67790FF21EFBA4CE00790503 /* TableViewCell.m in Sources */,
				677910121EFBA75900790503 /* MASConstraint.m in Sources */,
				6779101A1EFBA75900790503 /* ViewController+MASAdditions.m in Sources */,
				677910141EFBA75900790503 /* MASLayoutConstraint.m in Sources */,
				677910171EFBA75900790503 /* NSArray+MASAdditions.m in Sources */,
				677910161EFBA75900790503 /* MASViewConstraint.m in Sources */,
				677910151EFBA75900790503 /* MASViewAttribute.m in Sources */,
				677910191EFBA75900790503 /* View+MASAdditions.m in Sources */,
				67790FDA1EFBA40000790503 /* main.m in Sources */,
				67790FEF1EFBA42800790503 /* TableViewController.m in Sources */,
				677910111EFBA75900790503 /* MASCompositeConstraint.m in Sources */,
				677910181EFBA75900790503 /* NSLayoutConstraint+MASDebugAdditions.m in Sources */,
			);
			runOnlyForDeploymentPostprocessing = 0;
		};
		6784087A1EE8F048006AD1DB /* Sources */ = {
			isa = PBXSourcesBuildPhase;
			buildActionMask = 2147483647;
			files = (
				678408881EE8F048006AD1DB /* ViewController.m in Sources */,
				678408851EE8F048006AD1DB /* AppDelegate.m in Sources */,
				678408821EE8F048006AD1DB /* main.m in Sources */,
			);
			runOnlyForDeploymentPostprocessing = 0;
		};
		67DD21941EB21F100009D2FB /* Sources */ = {
			isa = PBXSourcesBuildPhase;
			buildActionMask = 2147483647;
			files = (
				67DD21A31EB21F100009D2FB /* ViewController.m in Sources */,
				67DD21A01EB21F100009D2FB /* AppDelegate.m in Sources */,
				67DD219D1EB21F100009D2FB /* main.m in Sources */,
			);
			runOnlyForDeploymentPostprocessing = 0;
		};
		67DD21B21EB21F4D0009D2FB /* Sources */ = {
			isa = PBXSourcesBuildPhase;
			buildActionMask = 2147483647;
			files = (
				675E22301EB9BE92004E616F /* B.m in Sources */,
				675E222D1EB9BE87004E616F /* A.m in Sources */,
				67DD21C01EB21F4D0009D2FB /* ViewController.m in Sources */,
				67DD21BD1EB21F4D0009D2FB /* AppDelegate.m in Sources */,
				675E22331EB9BE9A004E616F /* C.m in Sources */,
				67DD21BA1EB21F4D0009D2FB /* main.m in Sources */,
				675E222A1EB9BD13004E616F /* Manager.m in Sources */,
			);
			runOnlyForDeploymentPostprocessing = 0;
		};
		67DD21D91EB320470009D2FB /* Sources */ = {
			isa = PBXSourcesBuildPhase;
			buildActionMask = 2147483647;
			files = (
				67DD21F61EB320A10009D2FB /* CollectionViewController.m in Sources */,
				67DD21E71EB320470009D2FB /* ViewController.m in Sources */,
				67DD21E41EB320470009D2FB /* AppDelegate.m in Sources */,
				67DD21E11EB320470009D2FB /* main.m in Sources */,
			);
			runOnlyForDeploymentPostprocessing = 0;
		};
/* End PBXSourcesBuildPhase section */

/* Begin PBXVariantGroup section */
		670940291EFCEF4500A1722F /* Main.storyboard */ = {
			isa = PBXVariantGroup;
			children = (
				6709402A1EFCEF4500A1722F /* Base */,
			);
			name = Main.storyboard;
			sourceTree = "<group>";
		};
		6709402E1EFCEF4500A1722F /* LaunchScreen.storyboard */ = {
			isa = PBXVariantGroup;
			children = (
				6709402F1EFCEF4500A1722F /* Base */,
			);
			name = LaunchScreen.storyboard;
			sourceTree = "<group>";
		};
		67282AFC20871F180095B77A /* Main.storyboard */ = {
			isa = PBXVariantGroup;
			children = (
				67282AFD20871F180095B77A /* Base */,
			);
			name = Main.storyboard;
			sourceTree = "<group>";
		};
		67282B0120871F180095B77A /* LaunchScreen.storyboard */ = {
			isa = PBXVariantGroup;
			children = (
				67282B0220871F180095B77A /* Base */,
			);
			name = LaunchScreen.storyboard;
			sourceTree = "<group>";
		};
		675261911F136E0800C73B35 /* Main.storyboard */ = {
			isa = PBXVariantGroup;
			children = (
				675261921F136E0800C73B35 /* Base */,
			);
			name = Main.storyboard;
			sourceTree = "<group>";
		};
		675261961F136E0800C73B35 /* LaunchScreen.storyboard */ = {
			isa = PBXVariantGroup;
			children = (
				675261971F136E0800C73B35 /* Base */,
			);
			name = LaunchScreen.storyboard;
			sourceTree = "<group>";
		};
		67790FE11EFBA40000790503 /* Main.storyboard */ = {
			isa = PBXVariantGroup;
			children = (
				67790FE21EFBA40000790503 /* Base */,
			);
			name = Main.storyboard;
			sourceTree = "<group>";
		};
		67790FE61EFBA40000790503 /* LaunchScreen.storyboard */ = {
			isa = PBXVariantGroup;
			children = (
				67790FE71EFBA40000790503 /* Base */,
			);
			name = LaunchScreen.storyboard;
			sourceTree = "<group>";
		};
		678408891EE8F048006AD1DB /* Main.storyboard */ = {
			isa = PBXVariantGroup;
			children = (
				6784088A1EE8F048006AD1DB /* Base */,
			);
			name = Main.storyboard;
			sourceTree = "<group>";
		};
		6784088E1EE8F048006AD1DB /* LaunchScreen.storyboard */ = {
			isa = PBXVariantGroup;
			children = (
				6784088F1EE8F048006AD1DB /* Base */,
			);
			name = LaunchScreen.storyboard;
			sourceTree = "<group>";
		};
		67DD21A41EB21F100009D2FB /* Main.storyboard */ = {
			isa = PBXVariantGroup;
			children = (
				67DD21A51EB21F100009D2FB /* Base */,
			);
			name = Main.storyboard;
			sourceTree = "<group>";
		};
		67DD21A91EB21F100009D2FB /* LaunchScreen.storyboard */ = {
			isa = PBXVariantGroup;
			children = (
				67DD21AA1EB21F100009D2FB /* Base */,
			);
			name = LaunchScreen.storyboard;
			sourceTree = "<group>";
		};
		67DD21C11EB21F4D0009D2FB /* Main.storyboard */ = {
			isa = PBXVariantGroup;
			children = (
				67DD21C21EB21F4D0009D2FB /* Base */,
			);
			name = Main.storyboard;
			sourceTree = "<group>";
		};
		67DD21C61EB21F4D0009D2FB /* LaunchScreen.storyboard */ = {
			isa = PBXVariantGroup;
			children = (
				67DD21C71EB21F4D0009D2FB /* Base */,
			);
			name = LaunchScreen.storyboard;
			sourceTree = "<group>";
		};
		67DD21E81EB320470009D2FB /* Main.storyboard */ = {
			isa = PBXVariantGroup;
			children = (
				67DD21E91EB320470009D2FB /* Base */,
			);
			name = Main.storyboard;
			sourceTree = "<group>";
		};
		67DD21ED1EB320470009D2FB /* LaunchScreen.storyboard */ = {
			isa = PBXVariantGroup;
			children = (
				67DD21EE1EB320470009D2FB /* Base */,
			);
			name = LaunchScreen.storyboard;
			sourceTree = "<group>";
		};
/* End PBXVariantGroup section */

/* Begin XCBuildConfiguration section */
		670940321EFCEF4500A1722F /* Debug */ = {
			isa = XCBuildConfiguration;
			buildSettings = {
				ASSETCATALOG_COMPILER_APPICON_NAME = AppIcon;
				DEVELOPMENT_TEAM = 7R3MSEN8NJ;
				INFOPLIST_FILE = "可编辑的TableViewCell/Info.plist";
				LD_RUNPATH_SEARCH_PATHS = "$(inherited) @executable_path/Frameworks";
				PRODUCT_BUNDLE_IDENTIFIER = "com.SaiDicaprio.lvmama.----TableViewCell";
				PRODUCT_NAME = "$(TARGET_NAME)";
			};
			name = Debug;
		};
		670940331EFCEF4500A1722F /* Release */ = {
			isa = XCBuildConfiguration;
			buildSettings = {
				ASSETCATALOG_COMPILER_APPICON_NAME = AppIcon;
				DEVELOPMENT_TEAM = 7R3MSEN8NJ;
				INFOPLIST_FILE = "可编辑的TableViewCell/Info.plist";
				LD_RUNPATH_SEARCH_PATHS = "$(inherited) @executable_path/Frameworks";
				PRODUCT_BUNDLE_IDENTIFIER = "com.SaiDicaprio.lvmama.----TableViewCell";
				PRODUCT_NAME = "$(TARGET_NAME)";
			};
			name = Release;
		};
		67282B0720871F180095B77A /* Debug */ = {
			isa = XCBuildConfiguration;
			buildSettings = {
				ASSETCATALOG_COMPILER_APPICON_NAME = AppIcon;
				CLANG_CXX_LANGUAGE_STANDARD = "gnu++14";
				CLANG_WARN_BLOCK_CAPTURE_AUTORELEASING = YES;
				CLANG_WARN_COMMA = YES;
				CLANG_WARN_NON_LITERAL_NULL_CONVERSION = YES;
				CLANG_WARN_OBJC_LITERAL_CONVERSION = YES;
				CLANG_WARN_RANGE_LOOP_ANALYSIS = YES;
				CLANG_WARN_STRICT_PROTOTYPES = YES;
				CLANG_WARN_UNGUARDED_AVAILABILITY = YES_AGGRESSIVE;
				CODE_SIGN_IDENTITY = "iPhone Developer";
				CODE_SIGN_STYLE = Automatic;
				DEVELOPMENT_TEAM = 7R3MSEN8NJ;
				GCC_C_LANGUAGE_STANDARD = gnu11;
				INFOPLIST_FILE = "地图测试Demo/Info.plist";
				IPHONEOS_DEPLOYMENT_TARGET = 11.2;
				LD_RUNPATH_SEARCH_PATHS = "$(inherited) @executable_path/Frameworks";
				PRODUCT_BUNDLE_IDENTIFIER = "com.SaiDicaprio.----Demo";
				PRODUCT_NAME = "$(TARGET_NAME)";
				TARGETED_DEVICE_FAMILY = "1,2";
			};
			name = Debug;
		};
		67282B0820871F180095B77A /* Release */ = {
			isa = XCBuildConfiguration;
			buildSettings = {
				ASSETCATALOG_COMPILER_APPICON_NAME = AppIcon;
				CLANG_CXX_LANGUAGE_STANDARD = "gnu++14";
				CLANG_WARN_BLOCK_CAPTURE_AUTORELEASING = YES;
				CLANG_WARN_COMMA = YES;
				CLANG_WARN_NON_LITERAL_NULL_CONVERSION = YES;
				CLANG_WARN_OBJC_LITERAL_CONVERSION = YES;
				CLANG_WARN_RANGE_LOOP_ANALYSIS = YES;
				CLANG_WARN_STRICT_PROTOTYPES = YES;
				CLANG_WARN_UNGUARDED_AVAILABILITY = YES_AGGRESSIVE;
				CODE_SIGN_IDENTITY = "iPhone Developer";
				CODE_SIGN_STYLE = Automatic;
				DEVELOPMENT_TEAM = 7R3MSEN8NJ;
				GCC_C_LANGUAGE_STANDARD = gnu11;
				INFOPLIST_FILE = "地图测试Demo/Info.plist";
				IPHONEOS_DEPLOYMENT_TARGET = 11.2;
				LD_RUNPATH_SEARCH_PATHS = "$(inherited) @executable_path/Frameworks";
				PRODUCT_BUNDLE_IDENTIFIER = "com.SaiDicaprio.----Demo";
				PRODUCT_NAME = "$(TARGET_NAME)";
				TARGETED_DEVICE_FAMILY = "1,2";
			};
			name = Release;
		};
		6752619A1F136E0800C73B35 /* Debug */ = {
			isa = XCBuildConfiguration;
			buildSettings = {
				ASSETCATALOG_COMPILER_APPICON_NAME = AppIcon;
				DEVELOPMENT_TEAM = 7R3MSEN8NJ;
				INFOPLIST_FILE = "TextField的DidBeginEditing代理/Info.plist";
				LD_RUNPATH_SEARCH_PATHS = "$(inherited) @executable_path/Frameworks";
				PRODUCT_BUNDLE_IDENTIFIER = "com.SaiDicaprio.lvmama.TextField-DidBeginEditing--";
				PRODUCT_NAME = "$(TARGET_NAME)";
				SWIFT_ACTIVE_COMPILATION_CONDITIONS = DEBUG;
				SWIFT_OPTIMIZATION_LEVEL = "-Onone";
				SWIFT_VERSION = 3.0;
			};
			name = Debug;
		};
		6752619B1F136E0800C73B35 /* Release */ = {
			isa = XCBuildConfiguration;
			buildSettings = {
				ASSETCATALOG_COMPILER_APPICON_NAME = AppIcon;
				DEVELOPMENT_TEAM = 7R3MSEN8NJ;
				INFOPLIST_FILE = "TextField的DidBeginEditing代理/Info.plist";
				LD_RUNPATH_SEARCH_PATHS = "$(inherited) @executable_path/Frameworks";
				PRODUCT_BUNDLE_IDENTIFIER = "com.SaiDicaprio.lvmama.TextField-DidBeginEditing--";
				PRODUCT_NAME = "$(TARGET_NAME)";
				SWIFT_OPTIMIZATION_LEVEL = "-Owholemodule";
				SWIFT_VERSION = 3.0;
			};
			name = Release;
		};
		67790FEA1EFBA40000790503 /* Debug */ = {
			isa = XCBuildConfiguration;
			buildSettings = {
				ASSETCATALOG_COMPILER_APPICON_NAME = AppIcon;
				DEVELOPMENT_TEAM = 7R3MSEN8NJ;
				INFOPLIST_FILE = "奇怪的约束不显示/Info.plist";
				LD_RUNPATH_SEARCH_PATHS = "$(inherited) @executable_path/Frameworks";
				PRODUCT_BUNDLE_IDENTIFIER = "com.SaiDicaprio.lvmama.--------";
				PRODUCT_NAME = "$(TARGET_NAME)";
			};
			name = Debug;
		};
		67790FEB1EFBA40000790503 /* Release */ = {
			isa = XCBuildConfiguration;
			buildSettings = {
				ASSETCATALOG_COMPILER_APPICON_NAME = AppIcon;
				DEVELOPMENT_TEAM = 7R3MSEN8NJ;
				INFOPLIST_FILE = "奇怪的约束不显示/Info.plist";
				LD_RUNPATH_SEARCH_PATHS = "$(inherited) @executable_path/Frameworks";
				PRODUCT_BUNDLE_IDENTIFIER = "com.SaiDicaprio.lvmama.--------";
				PRODUCT_NAME = "$(TARGET_NAME)";
			};
			name = Release;
		};
		678408931EE8F048006AD1DB /* Debug */ = {
			isa = XCBuildConfiguration;
			buildSettings = {
				ASSETCATALOG_COMPILER_APPICON_NAME = AppIcon;
				DEVELOPMENT_TEAM = 7R3MSEN8NJ;
				INFOPLIST_FILE = "结构体赋值/Info.plist";
				LD_RUNPATH_SEARCH_PATHS = "$(inherited) @executable_path/Frameworks";
				PRODUCT_BUNDLE_IDENTIFIER = "com.SaiDicaprio.lvmama.-----";
				PRODUCT_NAME = "$(TARGET_NAME)";
			};
			name = Debug;
		};
		678408941EE8F048006AD1DB /* Release */ = {
			isa = XCBuildConfiguration;
			buildSettings = {
				ASSETCATALOG_COMPILER_APPICON_NAME = AppIcon;
				DEVELOPMENT_TEAM = 7R3MSEN8NJ;
				INFOPLIST_FILE = "结构体赋值/Info.plist";
				LD_RUNPATH_SEARCH_PATHS = "$(inherited) @executable_path/Frameworks";
				PRODUCT_BUNDLE_IDENTIFIER = "com.SaiDicaprio.lvmama.-----";
				PRODUCT_NAME = "$(TARGET_NAME)";
			};
			name = Release;
		};
		67DD21AD1EB21F100009D2FB /* Debug */ = {
			isa = XCBuildConfiguration;
			buildSettings = {
				ALWAYS_SEARCH_USER_PATHS = NO;
				CLANG_ANALYZER_NONNULL = YES;
				CLANG_ANALYZER_NUMBER_OBJECT_CONVERSION = YES_AGGRESSIVE;
				CLANG_CXX_LANGUAGE_STANDARD = "gnu++0x";
				CLANG_CXX_LIBRARY = "libc++";
				CLANG_ENABLE_MODULES = YES;
				CLANG_ENABLE_OBJC_ARC = YES;
				CLANG_WARN_BOOL_CONVERSION = YES;
				CLANG_WARN_CONSTANT_CONVERSION = YES;
				CLANG_WARN_DIRECT_OBJC_ISA_USAGE = YES_ERROR;
				CLANG_WARN_DOCUMENTATION_COMMENTS = YES;
				CLANG_WARN_EMPTY_BODY = YES;
				CLANG_WARN_ENUM_CONVERSION = YES;
				CLANG_WARN_INFINITE_RECURSION = YES;
				CLANG_WARN_INT_CONVERSION = YES;
				CLANG_WARN_OBJC_ROOT_CLASS = YES_ERROR;
				CLANG_WARN_SUSPICIOUS_MOVE = YES;
				CLANG_WARN_UNREACHABLE_CODE = YES;
				CLANG_WARN__DUPLICATE_METHOD_MATCH = YES;
				"CODE_SIGN_IDENTITY[sdk=iphoneos*]" = "iPhone Developer";
				COPY_PHASE_STRIP = NO;
				DEBUG_INFORMATION_FORMAT = dwarf;
				ENABLE_STRICT_OBJC_MSGSEND = YES;
				ENABLE_TESTABILITY = YES;
				GCC_C_LANGUAGE_STANDARD = gnu99;
				GCC_DYNAMIC_NO_PIC = NO;
				GCC_NO_COMMON_BLOCKS = YES;
				GCC_OPTIMIZATION_LEVEL = 0;
				GCC_PREPROCESSOR_DEFINITIONS = (
					"DEBUG=1",
					"$(inherited)",
				);
				GCC_WARN_64_TO_32_BIT_CONVERSION = YES;
				GCC_WARN_ABOUT_RETURN_TYPE = YES_ERROR;
				GCC_WARN_UNDECLARED_SELECTOR = YES;
				GCC_WARN_UNINITIALIZED_AUTOS = YES_AGGRESSIVE;
				GCC_WARN_UNUSED_FUNCTION = YES;
				GCC_WARN_UNUSED_VARIABLE = YES;
				IPHONEOS_DEPLOYMENT_TARGET = 10.3;
				MTL_ENABLE_DEBUG_INFO = YES;
				ONLY_ACTIVE_ARCH = YES;
				SDKROOT = iphoneos;
			};
			name = Debug;
		};
		67DD21AE1EB21F100009D2FB /* Release */ = {
			isa = XCBuildConfiguration;
			buildSettings = {
				ALWAYS_SEARCH_USER_PATHS = NO;
				CLANG_ANALYZER_NONNULL = YES;
				CLANG_ANALYZER_NUMBER_OBJECT_CONVERSION = YES_AGGRESSIVE;
				CLANG_CXX_LANGUAGE_STANDARD = "gnu++0x";
				CLANG_CXX_LIBRARY = "libc++";
				CLANG_ENABLE_MODULES = YES;
				CLANG_ENABLE_OBJC_ARC = YES;
				CLANG_WARN_BOOL_CONVERSION = YES;
				CLANG_WARN_CONSTANT_CONVERSION = YES;
				CLANG_WARN_DIRECT_OBJC_ISA_USAGE = YES_ERROR;
				CLANG_WARN_DOCUMENTATION_COMMENTS = YES;
				CLANG_WARN_EMPTY_BODY = YES;
				CLANG_WARN_ENUM_CONVERSION = YES;
				CLANG_WARN_INFINITE_RECURSION = YES;
				CLANG_WARN_INT_CONVERSION = YES;
				CLANG_WARN_OBJC_ROOT_CLASS = YES_ERROR;
				CLANG_WARN_SUSPICIOUS_MOVE = YES;
				CLANG_WARN_UNREACHABLE_CODE = YES;
				CLANG_WARN__DUPLICATE_METHOD_MATCH = YES;
				"CODE_SIGN_IDENTITY[sdk=iphoneos*]" = "iPhone Developer";
				COPY_PHASE_STRIP = NO;
				DEBUG_INFORMATION_FORMAT = "dwarf-with-dsym";
				ENABLE_NS_ASSERTIONS = NO;
				ENABLE_STRICT_OBJC_MSGSEND = YES;
				GCC_C_LANGUAGE_STANDARD = gnu99;
				GCC_NO_COMMON_BLOCKS = YES;
				GCC_WARN_64_TO_32_BIT_CONVERSION = YES;
				GCC_WARN_ABOUT_RETURN_TYPE = YES_ERROR;
				GCC_WARN_UNDECLARED_SELECTOR = YES;
				GCC_WARN_UNINITIALIZED_AUTOS = YES_AGGRESSIVE;
				GCC_WARN_UNUSED_FUNCTION = YES;
				GCC_WARN_UNUSED_VARIABLE = YES;
				IPHONEOS_DEPLOYMENT_TARGET = 10.3;
				MTL_ENABLE_DEBUG_INFO = NO;
				SDKROOT = iphoneos;
				VALIDATE_PRODUCT = YES;
			};
			name = Release;
		};
		67DD21B01EB21F100009D2FB /* Debug */ = {
			isa = XCBuildConfiguration;
			baseConfigurationReference = B7D918FF516BAF76B11F162A /* Pods-测试界面.debug.xcconfig */;
			buildSettings = {
				ASSETCATALOG_COMPILER_APPICON_NAME = AppIcon;
				DEVELOPMENT_TEAM = 7R3MSEN8NJ;
				INFOPLIST_FILE = "测试界面/Info.plist";
				LD_RUNPATH_SEARCH_PATHS = "$(inherited) @executable_path/Frameworks";
				PRODUCT_BUNDLE_IDENTIFIER = "com.SaiDicaprio.lvmama.----";
				PRODUCT_NAME = "$(TARGET_NAME)";
			};
			name = Debug;
		};
		67DD21B11EB21F100009D2FB /* Release */ = {
			isa = XCBuildConfiguration;
			baseConfigurationReference = 632B975A2F014645A09D28A2 /* Pods-测试界面.release.xcconfig */;
			buildSettings = {
				ASSETCATALOG_COMPILER_APPICON_NAME = AppIcon;
				DEVELOPMENT_TEAM = 7R3MSEN8NJ;
				INFOPLIST_FILE = "测试界面/Info.plist";
				LD_RUNPATH_SEARCH_PATHS = "$(inherited) @executable_path/Frameworks";
				PRODUCT_BUNDLE_IDENTIFIER = "com.SaiDicaprio.lvmama.----";
				PRODUCT_NAME = "$(TARGET_NAME)";
			};
			name = Release;
		};
		67DD21CB1EB21F4E0009D2FB /* Debug */ = {
			isa = XCBuildConfiguration;
			buildSettings = {
				ASSETCATALOG_COMPILER_APPICON_NAME = AppIcon;
				DEVELOPMENT_TEAM = 7R3MSEN8NJ;
				INFOPLIST_FILE = "出境循环引用文件对比/Info.plist";
				LD_RUNPATH_SEARCH_PATHS = "$(inherited) @executable_path/Frameworks";
				PRODUCT_BUNDLE_IDENTIFIER = "com.SaiDicaprio.lvmama.----------";
				PRODUCT_NAME = "$(TARGET_NAME)";
			};
			name = Debug;
		};
		67DD21CC1EB21F4E0009D2FB /* Release */ = {
			isa = XCBuildConfiguration;
			buildSettings = {
				ASSETCATALOG_COMPILER_APPICON_NAME = AppIcon;
				DEVELOPMENT_TEAM = 7R3MSEN8NJ;
				INFOPLIST_FILE = "出境循环引用文件对比/Info.plist";
				LD_RUNPATH_SEARCH_PATHS = "$(inherited) @executable_path/Frameworks";
				PRODUCT_BUNDLE_IDENTIFIER = "com.SaiDicaprio.lvmama.----------";
				PRODUCT_NAME = "$(TARGET_NAME)";
			};
			name = Release;
		};
		67DD21F21EB320470009D2FB /* Debug */ = {
			isa = XCBuildConfiguration;
			buildSettings = {
				ASSETCATALOG_COMPILER_APPICON_NAME = AppIcon;
				DEVELOPMENT_TEAM = 7R3MSEN8NJ;
				INFOPLIST_FILE = UICollectionView/Info.plist;
				LD_RUNPATH_SEARCH_PATHS = "$(inherited) @executable_path/Frameworks";
				PRODUCT_BUNDLE_IDENTIFIER = com.SaiDicaprio.lvmama.UICollectionView;
				PRODUCT_NAME = "$(TARGET_NAME)";
			};
			name = Debug;
		};
		67DD21F31EB320470009D2FB /* Release */ = {
			isa = XCBuildConfiguration;
			buildSettings = {
				ASSETCATALOG_COMPILER_APPICON_NAME = AppIcon;
				DEVELOPMENT_TEAM = 7R3MSEN8NJ;
				INFOPLIST_FILE = UICollectionView/Info.plist;
				LD_RUNPATH_SEARCH_PATHS = "$(inherited) @executable_path/Frameworks";
				PRODUCT_BUNDLE_IDENTIFIER = com.SaiDicaprio.lvmama.UICollectionView;
				PRODUCT_NAME = "$(TARGET_NAME)";
			};
			name = Release;
		};
/* End XCBuildConfiguration section */

/* Begin XCConfigurationList section */
		670940341EFCEF4500A1722F /* Build configuration list for PBXNativeTarget "可编辑的TableViewCell" */ = {
			isa = XCConfigurationList;
			buildConfigurations = (
				670940321EFCEF4500A1722F /* Debug */,
				670940331EFCEF4500A1722F /* Release */,
			);
			defaultConfigurationIsVisible = 0;
			defaultConfigurationName = Release;
		};
		67282B0920871F180095B77A /* Build configuration list for PBXNativeTarget "地图测试Demo" */ = {
			isa = XCConfigurationList;
			buildConfigurations = (
				67282B0720871F180095B77A /* Debug */,
				67282B0820871F180095B77A /* Release */,
			);
			defaultConfigurationIsVisible = 0;
			defaultConfigurationName = Release;
		};
		6752619C1F136E0800C73B35 /* Build configuration list for PBXNativeTarget "TextField的DidBeginEditing代理" */ = {
			isa = XCConfigurationList;
			buildConfigurations = (
				6752619A1F136E0800C73B35 /* Debug */,
				6752619B1F136E0800C73B35 /* Release */,
			);
			defaultConfigurationIsVisible = 0;
			defaultConfigurationName = Release;
		};
		67790FEC1EFBA40000790503 /* Build configuration list for PBXNativeTarget "奇怪的约束不显示" */ = {
			isa = XCConfigurationList;
			buildConfigurations = (
				67790FEA1EFBA40000790503 /* Debug */,
				67790FEB1EFBA40000790503 /* Release */,
			);
			defaultConfigurationIsVisible = 0;
			defaultConfigurationName = Release;
		};
		678408921EE8F048006AD1DB /* Build configuration list for PBXNativeTarget "结构体赋值" */ = {
			isa = XCConfigurationList;
			buildConfigurations = (
				678408931EE8F048006AD1DB /* Debug */,
				678408941EE8F048006AD1DB /* Release */,
			);
			defaultConfigurationIsVisible = 0;
			defaultConfigurationName = Release;
		};
		67DD21931EB21F100009D2FB /* Build configuration list for PBXProject "测试界面" */ = {
			isa = XCConfigurationList;
			buildConfigurations = (
				67DD21AD1EB21F100009D2FB /* Debug */,
				67DD21AE1EB21F100009D2FB /* Release */,
			);
			defaultConfigurationIsVisible = 0;
			defaultConfigurationName = Release;
		};
		67DD21AF1EB21F100009D2FB /* Build configuration list for PBXNativeTarget "测试界面" */ = {
			isa = XCConfigurationList;
			buildConfigurations = (
				67DD21B01EB21F100009D2FB /* Debug */,
				67DD21B11EB21F100009D2FB /* Release */,
			);
			defaultConfigurationIsVisible = 0;
			defaultConfigurationName = Release;
		};
		67DD21CA1EB21F4E0009D2FB /* Build configuration list for PBXNativeTarget "出境循环引用文件对比" */ = {
			isa = XCConfigurationList;
			buildConfigurations = (
				67DD21CB1EB21F4E0009D2FB /* Debug */,
				67DD21CC1EB21F4E0009D2FB /* Release */,
			);
			defaultConfigurationIsVisible = 0;
			defaultConfigurationName = Release;
		};
		67DD21F11EB320470009D2FB /* Build configuration list for PBXNativeTarget "UICollectionView" */ = {
			isa = XCConfigurationList;
			buildConfigurations = (
				67DD21F21EB320470009D2FB /* Debug */,
				67DD21F31EB320470009D2FB /* Release */,
			);
			defaultConfigurationIsVisible = 0;
			defaultConfigurationName = Release;
		};
/* End XCConfigurationList section */
	};
	rootObject = 67DD21901EB21F100009D2FB /* Project object */;
}
