// !$*UTF8*$!
{
	archiveVersion = 1;
	classes = {
	};
	objectVersion = 46;
	objects = {

/* Begin PBXBuildFile section */
		3A19C2D61ED32D50A09426FD /* libPods-测试界面.a in Frameworks */ = {isa = PBXBuildFile; fileRef = 97EC62040FE3C75BCC169B97 /* libPods-测试界面.a */; };
		6798D15F1E89155800085119 /* main.m in Sources */ = {isa = PBXBuildFile; fileRef = 6798D15E1E89155800085119 /* main.m */; };
		6798D1621E89155800085119 /* AppDelegate.m in Sources */ = {isa = PBXBuildFile; fileRef = 6798D1611E89155800085119 /* AppDelegate.m */; };
		6798D1651E89155800085119 /* ViewController.m in Sources */ = {isa = PBXBuildFile; fileRef = 6798D1641E89155800085119 /* ViewController.m */; };
		6798D1681E89155800085119 /* Main.storyboard in Resources */ = {isa = PBXBuildFile; fileRef = 6798D1661E89155800085119 /* Main.storyboard */; };
		6798D16A1E89155800085119 /* Assets.xcassets in Resources */ = {isa = PBXBuildFile; fileRef = 6798D1691E89155800085119 /* Assets.xcassets */; };
		6798D16D1E89155800085119 /* LaunchScreen.storyboard in Resources */ = {isa = PBXBuildFile; fileRef = 6798D16B1E89155800085119 /* LaunchScreen.storyboard */; };
		6798D17C1E8915A200085119 /* main.m in Sources */ = {isa = PBXBuildFile; fileRef = 6798D17B1E8915A200085119 /* main.m */; };
		6798D17F1E8915A200085119 /* AppDelegate.m in Sources */ = {isa = PBXBuildFile; fileRef = 6798D17E1E8915A200085119 /* AppDelegate.m */; };
		6798D1821E8915A200085119 /* ViewController.m in Sources */ = {isa = PBXBuildFile; fileRef = 6798D1811E8915A200085119 /* ViewController.m */; };
		6798D1851E8915A200085119 /* Main.storyboard in Resources */ = {isa = PBXBuildFile; fileRef = 6798D1831E8915A200085119 /* Main.storyboard */; };
		6798D1871E8915A200085119 /* Assets.xcassets in Resources */ = {isa = PBXBuildFile; fileRef = 6798D1861E8915A200085119 /* Assets.xcassets */; };
		6798D18A1E8915A200085119 /* LaunchScreen.storyboard in Resources */ = {isa = PBXBuildFile; fileRef = 6798D1881E8915A200085119 /* LaunchScreen.storyboard */; };
		6798D1911E89168C00085119 /* CollectionViewController.m in Sources */ = {isa = PBXBuildFile; fileRef = 6798D1901E89168C00085119 /* CollectionViewController.m */; };
/* End PBXBuildFile section */

/* Begin PBXFileReference section */
		260AC6B4DA2B19FBA38AF14D /* Pods-测试界面.debug.xcconfig */ = {isa = PBXFileReference; includeInIndex = 1; lastKnownFileType = text.xcconfig; name = "Pods-测试界面.debug.xcconfig"; path = "Pods/Target Support Files/Pods-测试界面/Pods-测试界面.debug.xcconfig"; sourceTree = "<group>"; };
		67891F181E8B890300A26E43 /* main.m */ = {isa = PBXFileReference; lastKnownFileType = sourcecode.c.objc; path = main.m; sourceTree = "<group>"; };
		67891F1A1E8B890300A26E43 /* AppDelegate.h */ = {isa = PBXFileReference; lastKnownFileType = sourcecode.c.h; path = AppDelegate.h; sourceTree = "<group>"; };
		67891F1B1E8B890300A26E43 /* AppDelegate.m */ = {isa = PBXFileReference; lastKnownFileType = sourcecode.c.objc; path = AppDelegate.m; sourceTree = "<group>"; };
		67891F211E8B890300A26E43 /* Base */ = {isa = PBXFileReference; lastKnownFileType = file.storyboard; name = Base; path = Base.lproj/Main.storyboard; sourceTree = "<group>"; };
		67891F231E8B890300A26E43 /* Assets.xcassets */ = {isa = PBXFileReference; lastKnownFileType = folder.assetcatalog; path = Assets.xcassets; sourceTree = "<group>"; };
		67891F261E8B890300A26E43 /* Base */ = {isa = PBXFileReference; lastKnownFileType = file.storyboard; name = Base; path = Base.lproj/LaunchScreen.storyboard; sourceTree = "<group>"; };
		67891F281E8B890300A26E43 /* Info.plist */ = {isa = PBXFileReference; lastKnownFileType = text.plist.xml; path = Info.plist; sourceTree = "<group>"; };
		67891F2D1E8B8B7F00A26E43 /* TourDepartureDateAndTouristsPresentor.h */ = {isa = PBXFileReference; fileEncoding = 4; lastKnownFileType = sourcecode.c.h; path = TourDepartureDateAndTouristsPresentor.h; sourceTree = "<group>"; };
		67891F2E1E8B8B7F00A26E43 /* TourDepartureDateAndTouristsPresentor.m */ = {isa = PBXFileReference; fileEncoding = 4; lastKnownFileType = sourcecode.c.objc; path = TourDepartureDateAndTouristsPresentor.m; sourceTree = "<group>"; };
		67891F331E8B8BDB00A26E43 /* DetailTableViewController.h */ = {isa = PBXFileReference; fileEncoding = 4; lastKnownFileType = sourcecode.c.h; path = DetailTableViewController.h; sourceTree = "<group>"; };
		67891F341E8B8BDB00A26E43 /* DetailTableViewController.m */ = {isa = PBXFileReference; fileEncoding = 4; lastKnownFileType = sourcecode.c.objc; path = DetailTableViewController.m; sourceTree = "<group>"; };
		67891F721E8B993B00A26E43 /* UIColor+LVUtil.h */ = {isa = PBXFileReference; fileEncoding = 4; lastKnownFileType = sourcecode.c.h; path = "UIColor+LVUtil.h"; sourceTree = "<group>"; };
		67891F731E8B993B00A26E43 /* UIColor+LVUtil.m */ = {isa = PBXFileReference; fileEncoding = 4; lastKnownFileType = sourcecode.c.objc; path = "UIColor+LVUtil.m"; sourceTree = "<group>"; };
		67891F761E8B993B00A26E43 /* BaseRouteCjyDetailCell.h */ = {isa = PBXFileReference; fileEncoding = 4; lastKnownFileType = sourcecode.c.h; path = BaseRouteCjyDetailCell.h; sourceTree = "<group>"; };
		67891F771E8B993B00A26E43 /* BaseRouteCjyDetailCell.m */ = {isa = PBXFileReference; fileEncoding = 4; lastKnownFileType = sourcecode.c.objc; path = BaseRouteCjyDetailCell.m; sourceTree = "<group>"; };
		67891F781E8B993B00A26E43 /* RouteCjyDetailImageNameCell.h */ = {isa = PBXFileReference; fileEncoding = 4; lastKnownFileType = sourcecode.c.h; path = RouteCjyDetailImageNameCell.h; sourceTree = "<group>"; };
		67891F791E8B993B00A26E43 /* RouteCjyDetailImageNameCell.m */ = {isa = PBXFileReference; fileEncoding = 4; lastKnownFileType = sourcecode.c.objc; path = RouteCjyDetailImageNameCell.m; sourceTree = "<group>"; };
		67891F7B1E8B993B00A26E43 /* RouteCjyDetailBaseViewModel.h */ = {isa = PBXFileReference; fileEncoding = 4; lastKnownFileType = sourcecode.c.h; path = RouteCjyDetailBaseViewModel.h; sourceTree = "<group>"; };
		67891F7C1E8B993B00A26E43 /* RouteCjyDetailBaseViewModel.m */ = {isa = PBXFileReference; fileEncoding = 4; lastKnownFileType = sourcecode.c.objc; path = RouteCjyDetailBaseViewModel.m; sourceTree = "<group>"; };
		67891F7D1E8B993B00A26E43 /* RouteCjyDetailImageTitleViewModel.h */ = {isa = PBXFileReference; fileEncoding = 4; lastKnownFileType = sourcecode.c.h; path = RouteCjyDetailImageTitleViewModel.h; sourceTree = "<group>"; };
		67891F7E1E8B993B00A26E43 /* RouteCjyDetailImageTitleViewModel.m */ = {isa = PBXFileReference; fileEncoding = 4; lastKnownFileType = sourcecode.c.objc; path = RouteCjyDetailImageTitleViewModel.m; sourceTree = "<group>"; };
		67891F851E8B999F00A26E43 /* GroupedCellBgView.h */ = {isa = PBXFileReference; fileEncoding = 4; lastKnownFileType = sourcecode.c.h; path = GroupedCellBgView.h; sourceTree = "<group>"; };
		67891F861E8B999F00A26E43 /* GroupedCellBgView.m */ = {isa = PBXFileReference; fileEncoding = 4; lastKnownFileType = sourcecode.c.objc; path = GroupedCellBgView.m; sourceTree = "<group>"; };
		67891F881E8B9A5D00A26E43 /* UIScreen+LVUtil.h */ = {isa = PBXFileReference; fileEncoding = 4; lastKnownFileType = sourcecode.c.h; path = "UIScreen+LVUtil.h"; sourceTree = "<group>"; };
		67891F891E8B9A5D00A26E43 /* UIScreen+LVUtil.m */ = {isa = PBXFileReference; fileEncoding = 4; lastKnownFileType = sourcecode.c.objc; path = "UIScreen+LVUtil.m"; sourceTree = "<group>"; };
		67891F8B1E8B9DB500A26E43 /* RouteCjyDetailImageNameCell.xib */ = {isa = PBXFileReference; fileEncoding = 4; lastKnownFileType = file.xib; path = RouteCjyDetailImageNameCell.xib; sourceTree = "<group>"; };
		67891F8D1E8BA93300A26E43 /* TourDepartureDateCollectionController.h */ = {isa = PBXFileReference; fileEncoding = 4; lastKnownFileType = sourcecode.c.h; path = TourDepartureDateCollectionController.h; sourceTree = "<group>"; };
		67891F8E1E8BA93300A26E43 /* TourDepartureDateCollectionController.m */ = {isa = PBXFileReference; fileEncoding = 4; lastKnownFileType = sourcecode.c.objc; path = TourDepartureDateCollectionController.m; sourceTree = "<group>"; };
		67891F901E8BA97600A26E43 /* TourDepartureDateCollectionCell.h */ = {isa = PBXFileReference; fileEncoding = 4; lastKnownFileType = sourcecode.c.h; path = TourDepartureDateCollectionCell.h; sourceTree = "<group>"; };
		67891F911E8BA97600A26E43 /* TourDepartureDateCollectionCell.m */ = {isa = PBXFileReference; fileEncoding = 4; lastKnownFileType = sourcecode.c.objc; path = TourDepartureDateCollectionCell.m; sourceTree = "<group>"; };
		67891F931E8BB1F400A26E43 /* UIFont+LVUtil.h */ = {isa = PBXFileReference; fileEncoding = 4; lastKnownFileType = sourcecode.c.h; path = "UIFont+LVUtil.h"; sourceTree = "<group>"; };
		67891F941E8BB1F400A26E43 /* UIFont+LVUtil.m */ = {isa = PBXFileReference; fileEncoding = 4; lastKnownFileType = sourcecode.c.objc; path = "UIFont+LVUtil.m"; sourceTree = "<group>"; };
		67891F971E8BD84C00A26E43 /* RouteCjyNumControlView.h */ = {isa = PBXFileReference; fileEncoding = 4; lastKnownFileType = sourcecode.c.h; path = RouteCjyNumControlView.h; sourceTree = "<group>"; };
		67891F981E8BD84C00A26E43 /* RouteCjyNumControlView.m */ = {isa = PBXFileReference; fileEncoding = 4; lastKnownFileType = sourcecode.c.objc; path = RouteCjyNumControlView.m; sourceTree = "<group>"; };
		6798D15A1E89155800085119 /* 测试界面.app */ = {isa = PBXFileReference; explicitFileType = wrapper.application; includeInIndex = 0; path = "测试界面.app"; sourceTree = BUILT_PRODUCTS_DIR; };
		6798D15E1E89155800085119 /* main.m */ = {isa = PBXFileReference; lastKnownFileType = sourcecode.c.objc; path = main.m; sourceTree = "<group>"; };
		6798D1601E89155800085119 /* AppDelegate.h */ = {isa = PBXFileReference; lastKnownFileType = sourcecode.c.h; path = AppDelegate.h; sourceTree = "<group>"; };
		6798D1611E89155800085119 /* AppDelegate.m */ = {isa = PBXFileReference; lastKnownFileType = sourcecode.c.objc; path = AppDelegate.m; sourceTree = "<group>"; };
		6798D1631E89155800085119 /* ViewController.h */ = {isa = PBXFileReference; lastKnownFileType = sourcecode.c.h; path = ViewController.h; sourceTree = "<group>"; };
		6798D1641E89155800085119 /* ViewController.m */ = {isa = PBXFileReference; lastKnownFileType = sourcecode.c.objc; path = ViewController.m; sourceTree = "<group>"; };
		6798D1671E89155800085119 /* Base */ = {isa = PBXFileReference; lastKnownFileType = file.storyboard; name = Base; path = Base.lproj/Main.storyboard; sourceTree = "<group>"; };
		6798D1691E89155800085119 /* Assets.xcassets */ = {isa = PBXFileReference; lastKnownFileType = folder.assetcatalog; path = Assets.xcassets; sourceTree = "<group>"; };
		6798D16C1E89155800085119 /* Base */ = {isa = PBXFileReference; lastKnownFileType = file.storyboard; name = Base; path = Base.lproj/LaunchScreen.storyboard; sourceTree = "<group>"; };
		6798D16E1E89155800085119 /* Info.plist */ = {isa = PBXFileReference; lastKnownFileType = text.plist.xml; path = Info.plist; sourceTree = "<group>"; };
		6798D1781E8915A200085119 /* UICollectionView.app */ = {isa = PBXFileReference; explicitFileType = wrapper.application; includeInIndex = 0; path = UICollectionView.app; sourceTree = BUILT_PRODUCTS_DIR; };
		6798D17B1E8915A200085119 /* main.m */ = {isa = PBXFileReference; lastKnownFileType = sourcecode.c.objc; path = main.m; sourceTree = "<group>"; };
		6798D17D1E8915A200085119 /* AppDelegate.h */ = {isa = PBXFileReference; lastKnownFileType = sourcecode.c.h; path = AppDelegate.h; sourceTree = "<group>"; };
		6798D17E1E8915A200085119 /* AppDelegate.m */ = {isa = PBXFileReference; lastKnownFileType = sourcecode.c.objc; path = AppDelegate.m; sourceTree = "<group>"; };
		6798D1801E8915A200085119 /* ViewController.h */ = {isa = PBXFileReference; lastKnownFileType = sourcecode.c.h; path = ViewController.h; sourceTree = "<group>"; };
		6798D1811E8915A200085119 /* ViewController.m */ = {isa = PBXFileReference; lastKnownFileType = sourcecode.c.objc; path = ViewController.m; sourceTree = "<group>"; };
		6798D1841E8915A200085119 /* Base */ = {isa = PBXFileReference; lastKnownFileType = file.storyboard; name = Base; path = Base.lproj/Main.storyboard; sourceTree = "<group>"; };
		6798D1861E8915A200085119 /* Assets.xcassets */ = {isa = PBXFileReference; lastKnownFileType = folder.assetcatalog; path = Assets.xcassets; sourceTree = "<group>"; };
		6798D1891E8915A200085119 /* Base */ = {isa = PBXFileReference; lastKnownFileType = file.storyboard; name = Base; path = Base.lproj/LaunchScreen.storyboard; sourceTree = "<group>"; };
		6798D18B1E8915A200085119 /* Info.plist */ = {isa = PBXFileReference; lastKnownFileType = text.plist.xml; path = Info.plist; sourceTree = "<group>"; };
		6798D18F1E89168C00085119 /* CollectionViewController.h */ = {isa = PBXFileReference; fileEncoding = 4; lastKnownFileType = sourcecode.c.h; path = CollectionViewController.h; sourceTree = "<group>"; };
		6798D1901E89168C00085119 /* CollectionViewController.m */ = {isa = PBXFileReference; fileEncoding = 4; lastKnownFileType = sourcecode.c.objc; path = CollectionViewController.m; sourceTree = "<group>"; };
		67B986C81E8CAC1100FDA19C /* TourDepartureDateTouristsCell.h */ = {isa = PBXFileReference; fileEncoding = 4; lastKnownFileType = sourcecode.c.h; path = TourDepartureDateTouristsCell.h; sourceTree = "<group>"; };
		67B986C91E8CAC1100FDA19C /* TourDepartureDateTouristsCell.m */ = {isa = PBXFileReference; fileEncoding = 4; lastKnownFileType = sourcecode.c.objc; path = TourDepartureDateTouristsCell.m; sourceTree = "<group>"; };
		67B986CA1E8CAC1100FDA19C /* TourDepartureDateTouristsCell.xib */ = {isa = PBXFileReference; fileEncoding = 4; lastKnownFileType = file.xib; path = TourDepartureDateTouristsCell.xib; sourceTree = "<group>"; };
		67B986CD1E8CB41E00FDA19C /* libMasonry.a */ = {isa = PBXFileReference; lastKnownFileType = archive.ar; name = libMasonry.a; path = "Pods/../build/Debug-iphoneos/Masonry/libMasonry.a"; sourceTree = "<group>"; };
		67B986CF1E8CB68100FDA19C /* libPods-测试界面.a */ = {isa = PBXFileReference; lastKnownFileType = archive.ar; name = "libPods-测试界面.a"; path = "Pods/../build/Debug-iphoneos/libPods-测试界面.a"; sourceTree = "<group>"; };
		97EC62040FE3C75BCC169B97 /* libPods-测试界面.a */ = {isa = PBXFileReference; explicitFileType = archive.ar; includeInIndex = 0; path = "libPods-测试界面.a"; sourceTree = BUILT_PRODUCTS_DIR; };
		D80B22FC2CB4B7F4F5613E45 /* Pods-测试界面.release.xcconfig */ = {isa = PBXFileReference; includeInIndex = 1; lastKnownFileType = text.xcconfig; name = "Pods-测试界面.release.xcconfig"; path = "Pods/Target Support Files/Pods-测试界面/Pods-测试界面.release.xcconfig"; sourceTree = "<group>"; };
/* End PBXFileReference section */

/* Begin PBXFrameworksBuildPhase section */
		6798D1571E89155800085119 /* Frameworks */ = {
			isa = PBXFrameworksBuildPhase;
			buildActionMask = 2147483647;
			files = (
				3A19C2D61ED32D50A09426FD /* libPods-测试界面.a in Frameworks */,
			);
			runOnlyForDeploymentPostprocessing = 0;
		};
		6798D1751E8915A200085119 /* Frameworks */ = {
			isa = PBXFrameworksBuildPhase;
			buildActionMask = 2147483647;
			files = (
			);
			runOnlyForDeploymentPostprocessing = 0;
		};
/* End PBXFrameworksBuildPhase section */

/* Begin PBXGroup section */
		67891F161E8B890300A26E43 /* 详情页团期选择 */ = {
			isa = PBXGroup;
			children = (
				67891F1A1E8B890300A26E43 /* AppDelegate.h */,
				67891F1B1E8B890300A26E43 /* AppDelegate.m */,
				67891F701E8B993B00A26E43 /* Main */,
				67891F2C1E8B8B6E00A26E43 /* TourDepartureDateAndTourists */,
				67891F331E8B8BDB00A26E43 /* DetailTableViewController.h */,
				67891F341E8B8BDB00A26E43 /* DetailTableViewController.m */,
				67891F171E8B890300A26E43 /* Supporting Files */,
			);
			path = "详情页团期选择";
			sourceTree = "<group>";
		};
		67891F171E8B890300A26E43 /* Supporting Files */ = {
			isa = PBXGroup;
			children = (
				67891F201E8B890300A26E43 /* Main.storyboard */,
				67891F231E8B890300A26E43 /* Assets.xcassets */,
				67891F251E8B890300A26E43 /* LaunchScreen.storyboard */,
				67891F281E8B890300A26E43 /* Info.plist */,
				67891F181E8B890300A26E43 /* main.m */,
			);
			name = "Supporting Files";
			sourceTree = "<group>";
		};
		67891F2C1E8B8B6E00A26E43 /* TourDepartureDateAndTourists */ = {
			isa = PBXGroup;
			children = (
				67891F961E8BD7E700A26E43 /* RouteCjyNumControlView */,
				67891F901E8BA97600A26E43 /* TourDepartureDateCollectionCell.h */,
				67891F911E8BA97600A26E43 /* TourDepartureDateCollectionCell.m */,
				67891F8D1E8BA93300A26E43 /* TourDepartureDateCollectionController.h */,
				67891F8E1E8BA93300A26E43 /* TourDepartureDateCollectionController.m */,
				67891F2D1E8B8B7F00A26E43 /* TourDepartureDateAndTouristsPresentor.h */,
				67891F2E1E8B8B7F00A26E43 /* TourDepartureDateAndTouristsPresentor.m */,
				67B986C81E8CAC1100FDA19C /* TourDepartureDateTouristsCell.h */,
				67B986C91E8CAC1100FDA19C /* TourDepartureDateTouristsCell.m */,
				67B986CA1E8CAC1100FDA19C /* TourDepartureDateTouristsCell.xib */,
			);
			path = TourDepartureDateAndTourists;
			sourceTree = "<group>";
		};
		67891F701E8B993B00A26E43 /* Main */ = {
			isa = PBXGroup;
			children = (
				67891F711E8B993B00A26E43 /* Category */,
				67891F741E8B993B00A26E43 /* Common */,
			);
			path = Main;
			sourceTree = "<group>";
		};
		67891F711E8B993B00A26E43 /* Category */ = {
			isa = PBXGroup;
			children = (
				67891F721E8B993B00A26E43 /* UIColor+LVUtil.h */,
				67891F731E8B993B00A26E43 /* UIColor+LVUtil.m */,
				67891F931E8BB1F400A26E43 /* UIFont+LVUtil.h */,
				67891F941E8BB1F400A26E43 /* UIFont+LVUtil.m */,
				67891F881E8B9A5D00A26E43 /* UIScreen+LVUtil.h */,
				67891F891E8B9A5D00A26E43 /* UIScreen+LVUtil.m */,
			);
			path = Category;
			sourceTree = "<group>";
		};
		67891F741E8B993B00A26E43 /* Common */ = {
			isa = PBXGroup;
			children = (
				67891F841E8B999F00A26E43 /* View */,
				67891F751E8B993B00A26E43 /* Cells */,
				67891F7A1E8B993B00A26E43 /* ViewModels */,
			);
			path = Common;
			sourceTree = "<group>";
		};
		67891F751E8B993B00A26E43 /* Cells */ = {
			isa = PBXGroup;
			children = (
				67891F761E8B993B00A26E43 /* BaseRouteCjyDetailCell.h */,
				67891F771E8B993B00A26E43 /* BaseRouteCjyDetailCell.m */,
				67891F781E8B993B00A26E43 /* RouteCjyDetailImageNameCell.h */,
				67891F791E8B993B00A26E43 /* RouteCjyDetailImageNameCell.m */,
				67891F8B1E8B9DB500A26E43 /* RouteCjyDetailImageNameCell.xib */,
			);
			path = Cells;
			sourceTree = "<group>";
		};
		67891F7A1E8B993B00A26E43 /* ViewModels */ = {
			isa = PBXGroup;
			children = (
				67891F7B1E8B993B00A26E43 /* RouteCjyDetailBaseViewModel.h */,
				67891F7C1E8B993B00A26E43 /* RouteCjyDetailBaseViewModel.m */,
				67891F7D1E8B993B00A26E43 /* RouteCjyDetailImageTitleViewModel.h */,
				67891F7E1E8B993B00A26E43 /* RouteCjyDetailImageTitleViewModel.m */,
			);
			path = ViewModels;
			sourceTree = "<group>";
		};
		67891F841E8B999F00A26E43 /* View */ = {
			isa = PBXGroup;
			children = (
				67891F851E8B999F00A26E43 /* GroupedCellBgView.h */,
				67891F861E8B999F00A26E43 /* GroupedCellBgView.m */,
			);
			path = View;
			sourceTree = "<group>";
		};
		67891F961E8BD7E700A26E43 /* RouteCjyNumControlView */ = {
			isa = PBXGroup;
			children = (
				67891F971E8BD84C00A26E43 /* RouteCjyNumControlView.h */,
				67891F981E8BD84C00A26E43 /* RouteCjyNumControlView.m */,
			);
			path = RouteCjyNumControlView;
			sourceTree = "<group>";
		};
		6798D1511E89155800085119 = {
			isa = PBXGroup;
			children = (
				6798D15C1E89155800085119 /* 测试界面 */,
				6798D1791E8915A200085119 /* UICollectionView */,
				67891F161E8B890300A26E43 /* 详情页团期选择 */,
				6798D15B1E89155800085119 /* Products */,
				EC5B09794AD7A797C4DF9898 /* Pods */,
				79718F5512A0E19874B80476 /* Frameworks */,
			);
			sourceTree = "<group>";
		};
		6798D15B1E89155800085119 /* Products */ = {
			isa = PBXGroup;
			children = (
				6798D15A1E89155800085119 /* 测试界面.app */,
				6798D1781E8915A200085119 /* UICollectionView.app */,
			);
			name = Products;
			sourceTree = "<group>";
		};
		6798D15C1E89155800085119 /* 测试界面 */ = {
			isa = PBXGroup;
			children = (
				6798D1601E89155800085119 /* AppDelegate.h */,
				6798D1611E89155800085119 /* AppDelegate.m */,
				6798D1631E89155800085119 /* ViewController.h */,
				6798D1641E89155800085119 /* ViewController.m */,
				6798D1661E89155800085119 /* Main.storyboard */,
				6798D1691E89155800085119 /* Assets.xcassets */,
				6798D16B1E89155800085119 /* LaunchScreen.storyboard */,
				6798D16E1E89155800085119 /* Info.plist */,
				6798D15D1E89155800085119 /* Supporting Files */,
			);
			path = "测试界面";
			sourceTree = "<group>";
		};
		6798D15D1E89155800085119 /* Supporting Files */ = {
			isa = PBXGroup;
			children = (
				6798D15E1E89155800085119 /* main.m */,
			);
			name = "Supporting Files";
			sourceTree = "<group>";
		};
		6798D1791E8915A200085119 /* UICollectionView */ = {
			isa = PBXGroup;
			children = (
				6798D17D1E8915A200085119 /* AppDelegate.h */,
				6798D17E1E8915A200085119 /* AppDelegate.m */,
				6798D18F1E89168C00085119 /* CollectionViewController.h */,
				6798D1901E89168C00085119 /* CollectionViewController.m */,
				6798D1801E8915A200085119 /* ViewController.h */,
				6798D1811E8915A200085119 /* ViewController.m */,
				6798D1831E8915A200085119 /* Main.storyboard */,
				6798D1861E8915A200085119 /* Assets.xcassets */,
				6798D1881E8915A200085119 /* LaunchScreen.storyboard */,
				6798D18B1E8915A200085119 /* Info.plist */,
				6798D17A1E8915A200085119 /* Supporting Files */,
			);
			path = UICollectionView;
			sourceTree = "<group>";
		};
		6798D17A1E8915A200085119 /* Supporting Files */ = {
			isa = PBXGroup;
			children = (
				6798D17B1E8915A200085119 /* main.m */,
			);
			name = "Supporting Files";
			sourceTree = "<group>";
		};
		79718F5512A0E19874B80476 /* Frameworks */ = {
			isa = PBXGroup;
			children = (
				67B986CF1E8CB68100FDA19C /* libPods-测试界面.a */,
				67B986CD1E8CB41E00FDA19C /* libMasonry.a */,
				97EC62040FE3C75BCC169B97 /* libPods-测试界面.a */,
			);
			name = Frameworks;
			sourceTree = "<group>";
		};
		EC5B09794AD7A797C4DF9898 /* Pods */ = {
			isa = PBXGroup;
			children = (
				260AC6B4DA2B19FBA38AF14D /* Pods-测试界面.debug.xcconfig */,
				D80B22FC2CB4B7F4F5613E45 /* Pods-测试界面.release.xcconfig */,
			);
			name = Pods;
			sourceTree = "<group>";
		};
/* End PBXGroup section */

/* Begin PBXNativeTarget section */
		6798D1591E89155800085119 /* 测试界面 */ = {
			isa = PBXNativeTarget;
			buildConfigurationList = 6798D1711E89155800085119 /* Build configuration list for PBXNativeTarget "测试界面" */;
			buildPhases = (
				5FAE6CFB3A2C6D91B8229B1D /* [CP] Check Pods Manifest.lock */,
				6798D1561E89155800085119 /* Sources */,
				6798D1571E89155800085119 /* Frameworks */,
				6798D1581E89155800085119 /* Resources */,
				4E4453D7DE27928F699BCF41 /* [CP] Embed Pods Frameworks */,
				5C3408C8E85A53F67D465CCC /* [CP] Copy Pods Resources */,
			);
			buildRules = (
			);
			dependencies = (
			);
			name = "测试界面";
			productName = "测试界面";
			productReference = 6798D15A1E89155800085119 /* 测试界面.app */;
			productType = "com.apple.product-type.application";
		};
		6798D1771E8915A200085119 /* UICollectionView */ = {
			isa = PBXNativeTarget;
			buildConfigurationList = 6798D18C1E8915A200085119 /* Build configuration list for PBXNativeTarget "UICollectionView" */;
			buildPhases = (
				6798D1741E8915A200085119 /* Sources */,
				6798D1751E8915A200085119 /* Frameworks */,
				6798D1761E8915A200085119 /* Resources */,
			);
			buildRules = (
			);
			dependencies = (
			);
			name = UICollectionView;
			productName = UICollectionView;
			productReference = 6798D1781E8915A200085119 /* UICollectionView.app */;
			productType = "com.apple.product-type.application";
		};
/* End PBXNativeTarget section */

/* Begin PBXProject section */
		6798D1521E89155800085119 /* Project object */ = {
			isa = PBXProject;
			attributes = {
				LastUpgradeCheck = 0820;
				ORGANIZATIONNAME = "贺嘉炜";
				TargetAttributes = {
					6798D1591E89155800085119 = {
						CreatedOnToolsVersion = 8.2.1;
						DevelopmentTeam = 7R3MSEN8NJ;
						ProvisioningStyle = Automatic;
					};
					6798D1771E8915A200085119 = {
						CreatedOnToolsVersion = 8.2.1;
						DevelopmentTeam = 7R3MSEN8NJ;
						ProvisioningStyle = Automatic;
					};
				};
			};
			buildConfigurationList = 6798D1551E89155800085119 /* Build configuration list for PBXProject "测试界面" */;
			compatibilityVersion = "Xcode 3.2";
			developmentRegion = English;
			hasScannedForEncodings = 0;
			knownRegions = (
				en,
				Base,
			);
			mainGroup = 6798D1511E89155800085119;
			productRefGroup = 6798D15B1E89155800085119 /* Products */;
			projectDirPath = "";
			projectRoot = "";
			targets = (
				6798D1591E89155800085119 /* 测试界面 */,
				6798D1771E8915A200085119 /* UICollectionView */,
			);
		};
/* End PBXProject section */

/* Begin PBXResourcesBuildPhase section */
		6798D1581E89155800085119 /* Resources */ = {
			isa = PBXResourcesBuildPhase;
			buildActionMask = 2147483647;
			files = (
				6798D16D1E89155800085119 /* LaunchScreen.storyboard in Resources */,
				6798D16A1E89155800085119 /* Assets.xcassets in Resources */,
				6798D1681E89155800085119 /* Main.storyboard in Resources */,
			);
			runOnlyForDeploymentPostprocessing = 0;
		};
		6798D1761E8915A200085119 /* Resources */ = {
			isa = PBXResourcesBuildPhase;
			buildActionMask = 2147483647;
			files = (
				6798D18A1E8915A200085119 /* LaunchScreen.storyboard in Resources */,
				6798D1871E8915A200085119 /* Assets.xcassets in Resources */,
				6798D1851E8915A200085119 /* Main.storyboard in Resources */,
			);
			runOnlyForDeploymentPostprocessing = 0;
		};
/* End PBXResourcesBuildPhase section */

/* Begin PBXShellScriptBuildPhase section */
		4E4453D7DE27928F699BCF41 /* [CP] Embed Pods Frameworks */ = {
			isa = PBXShellScriptBuildPhase;
			buildActionMask = 2147483647;
			files = (
			);
			inputPaths = (
			);
			name = "[CP] Embed Pods Frameworks";
			outputPaths = (
			);
			runOnlyForDeploymentPostprocessing = 0;
			shellPath = /bin/sh;
			shellScript = "\"${SRCROOT}/Pods/Target Support Files/Pods-测试界面/Pods-测试界面-frameworks.sh\"\n";
			showEnvVarsInLog = 0;
		};
		5C3408C8E85A53F67D465CCC /* [CP] Copy Pods Resources */ = {
			isa = PBXShellScriptBuildPhase;
			buildActionMask = 2147483647;
			files = (
			);
			inputPaths = (
			);
			name = "[CP] Copy Pods Resources";
			outputPaths = (
			);
			runOnlyForDeploymentPostprocessing = 0;
			shellPath = /bin/sh;
			shellScript = "\"${SRCROOT}/Pods/Target Support Files/Pods-测试界面/Pods-测试界面-resources.sh\"\n";
			showEnvVarsInLog = 0;
		};
		5FAE6CFB3A2C6D91B8229B1D /* [CP] Check Pods Manifest.lock */ = {
			isa = PBXShellScriptBuildPhase;
			buildActionMask = 2147483647;
			files = (
			);
			inputPaths = (
			);
			name = "[CP] Check Pods Manifest.lock";
			outputPaths = (
			);
			runOnlyForDeploymentPostprocessing = 0;
			shellPath = /bin/sh;
			shellScript = "diff \"${PODS_ROOT}/../Podfile.lock\" \"${PODS_ROOT}/Manifest.lock\" > /dev/null\nif [ $? != 0 ] ; then\n    # print error to STDERR\n    echo \"error: The sandbox is not in sync with the Podfile.lock. Run 'pod install' or update your CocoaPods installation.\" >&2\n    exit 1\nfi\n";
			showEnvVarsInLog = 0;
		};
/* End PBXShellScriptBuildPhase section */

/* Begin PBXSourcesBuildPhase section */
		6798D1561E89155800085119 /* Sources */ = {
			isa = PBXSourcesBuildPhase;
			buildActionMask = 2147483647;
			files = (
				6798D1651E89155800085119 /* ViewController.m in Sources */,
				6798D1621E89155800085119 /* AppDelegate.m in Sources */,
				6798D15F1E89155800085119 /* main.m in Sources */,
			);
			runOnlyForDeploymentPostprocessing = 0;
		};
		6798D1741E8915A200085119 /* Sources */ = {
			isa = PBXSourcesBuildPhase;
			buildActionMask = 2147483647;
			files = (
				6798D1911E89168C00085119 /* CollectionViewController.m in Sources */,
				6798D1821E8915A200085119 /* ViewController.m in Sources */,
				6798D17F1E8915A200085119 /* AppDelegate.m in Sources */,
				6798D17C1E8915A200085119 /* main.m in Sources */,
			);
			runOnlyForDeploymentPostprocessing = 0;
		};
/* End PBXSourcesBuildPhase section */

/* Begin PBXVariantGroup section */
		67891F201E8B890300A26E43 /* Main.storyboard */ = {
			isa = PBXVariantGroup;
			children = (
				67891F211E8B890300A26E43 /* Base */,
			);
			name = Main.storyboard;
			sourceTree = "<group>";
		};
		67891F251E8B890300A26E43 /* LaunchScreen.storyboard */ = {
			isa = PBXVariantGroup;
			children = (
				67891F261E8B890300A26E43 /* Base */,
			);
			name = LaunchScreen.storyboard;
			sourceTree = "<group>";
		};
		6798D1661E89155800085119 /* Main.storyboard */ = {
			isa = PBXVariantGroup;
			children = (
				6798D1671E89155800085119 /* Base */,
			);
			name = Main.storyboard;
			sourceTree = "<group>";
		};
		6798D16B1E89155800085119 /* LaunchScreen.storyboard */ = {
			isa = PBXVariantGroup;
			children = (
				6798D16C1E89155800085119 /* Base */,
			);
			name = LaunchScreen.storyboard;
			sourceTree = "<group>";
		};
		6798D1831E8915A200085119 /* Main.storyboard */ = {
			isa = PBXVariantGroup;
			children = (
				6798D1841E8915A200085119 /* Base */,
			);
			name = Main.storyboard;
			sourceTree = "<group>";
		};
		6798D1881E8915A200085119 /* LaunchScreen.storyboard */ = {
			isa = PBXVariantGroup;
			children = (
				6798D1891E8915A200085119 /* Base */,
			);
			name = LaunchScreen.storyboard;
			sourceTree = "<group>";
		};
/* End PBXVariantGroup section */

/* Begin XCBuildConfiguration section */
		6798D16F1E89155800085119 /* Debug */ = {
			isa = XCBuildConfiguration;
			buildSettings = {
				ALWAYS_SEARCH_USER_PATHS = NO;
				CLANG_ANALYZER_NONNULL = YES;
				CLANG_CXX_LANGUAGE_STANDARD = "gnu++0x";
				CLANG_CXX_LIBRARY = "libc++";
				CLANG_ENABLE_MODULES = YES;
				CLANG_ENABLE_OBJC_ARC = YES;
				CLANG_WARN_BOOL_CONVERSION = YES;
				CLANG_WARN_CONSTANT_CONVERSION = YES;
				CLANG_WARN_DIRECT_OBJC_ISA_USAGE = YES_ERROR;
				CLANG_WARN_DOCUMENTATION_COMMENTS = YES;
				CLANG_WARN_EMPTY_BODY = YES;
				CLANG_WARN_ENUM_CONVERSION = YES;
				CLANG_WARN_INFINITE_RECURSION = YES;
				CLANG_WARN_INT_CONVERSION = YES;
				CLANG_WARN_OBJC_ROOT_CLASS = YES_ERROR;
				CLANG_WARN_SUSPICIOUS_MOVE = YES;
				CLANG_WARN_UNREACHABLE_CODE = YES;
				CLANG_WARN__DUPLICATE_METHOD_MATCH = YES;
				"CODE_SIGN_IDENTITY[sdk=iphoneos*]" = "iPhone Developer";
				COPY_PHASE_STRIP = NO;
				DEBUG_INFORMATION_FORMAT = dwarf;
				ENABLE_STRICT_OBJC_MSGSEND = YES;
				ENABLE_TESTABILITY = YES;
				GCC_C_LANGUAGE_STANDARD = gnu99;
				GCC_DYNAMIC_NO_PIC = NO;
				GCC_NO_COMMON_BLOCKS = YES;
				GCC_OPTIMIZATION_LEVEL = 0;
				GCC_PREPROCESSOR_DEFINITIONS = (
					"DEBUG=1",
					"$(inherited)",
				);
				GCC_WARN_64_TO_32_BIT_CONVERSION = YES;
				GCC_WARN_ABOUT_RETURN_TYPE = YES_ERROR;
				GCC_WARN_UNDECLARED_SELECTOR = YES;
				GCC_WARN_UNINITIALIZED_AUTOS = YES_AGGRESSIVE;
				GCC_WARN_UNUSED_FUNCTION = YES;
				GCC_WARN_UNUSED_VARIABLE = YES;
				IPHONEOS_DEPLOYMENT_TARGET = 10.2;
				MTL_ENABLE_DEBUG_INFO = YES;
				ONLY_ACTIVE_ARCH = YES;
				SDKROOT = iphoneos;
			};
			name = Debug;
		};
		6798D1701E89155800085119 /* Release */ = {
			isa = XCBuildConfiguration;
			buildSettings = {
				ALWAYS_SEARCH_USER_PATHS = NO;
				CLANG_ANALYZER_NONNULL = YES;
				CLANG_CXX_LANGUAGE_STANDARD = "gnu++0x";
				CLANG_CXX_LIBRARY = "libc++";
				CLANG_ENABLE_MODULES = YES;
				CLANG_ENABLE_OBJC_ARC = YES;
				CLANG_WARN_BOOL_CONVERSION = YES;
				CLANG_WARN_CONSTANT_CONVERSION = YES;
				CLANG_WARN_DIRECT_OBJC_ISA_USAGE = YES_ERROR;
				CLANG_WARN_DOCUMENTATION_COMMENTS = YES;
				CLANG_WARN_EMPTY_BODY = YES;
				CLANG_WARN_ENUM_CONVERSION = YES;
				CLANG_WARN_INFINITE_RECURSION = YES;
				CLANG_WARN_INT_CONVERSION = YES;
				CLANG_WARN_OBJC_ROOT_CLASS = YES_ERROR;
				CLANG_WARN_SUSPICIOUS_MOVE = YES;
				CLANG_WARN_UNREACHABLE_CODE = YES;
				CLANG_WARN__DUPLICATE_METHOD_MATCH = YES;
				"CODE_SIGN_IDENTITY[sdk=iphoneos*]" = "iPhone Developer";
				COPY_PHASE_STRIP = NO;
				DEBUG_INFORMATION_FORMAT = "dwarf-with-dsym";
				ENABLE_NS_ASSERTIONS = NO;
				ENABLE_STRICT_OBJC_MSGSEND = YES;
				GCC_C_LANGUAGE_STANDARD = gnu99;
				GCC_NO_COMMON_BLOCKS = YES;
				GCC_WARN_64_TO_32_BIT_CONVERSION = YES;
				GCC_WARN_ABOUT_RETURN_TYPE = YES_ERROR;
				GCC_WARN_UNDECLARED_SELECTOR = YES;
				GCC_WARN_UNINITIALIZED_AUTOS = YES_AGGRESSIVE;
				GCC_WARN_UNUSED_FUNCTION = YES;
				GCC_WARN_UNUSED_VARIABLE = YES;
				IPHONEOS_DEPLOYMENT_TARGET = 10.2;
				MTL_ENABLE_DEBUG_INFO = NO;
				SDKROOT = iphoneos;
				VALIDATE_PRODUCT = YES;
			};
			name = Release;
		};
		6798D1721E89155800085119 /* Debug */ = {
			isa = XCBuildConfiguration;
			baseConfigurationReference = 260AC6B4DA2B19FBA38AF14D /* Pods-测试界面.debug.xcconfig */;
			buildSettings = {
				ASSETCATALOG_COMPILER_APPICON_NAME = AppIcon;
				DEVELOPMENT_TEAM = 7R3MSEN8NJ;
				INFOPLIST_FILE = "测试界面/Info.plist";
				IPHONEOS_DEPLOYMENT_TARGET = 10.0;
				LD_RUNPATH_SEARCH_PATHS = "$(inherited) @executable_path/Frameworks";
				PRODUCT_BUNDLE_IDENTIFIER = com.SaiDicaprio.lvmama.iOSTestPage;
				PRODUCT_NAME = "$(TARGET_NAME)";
			};
			name = Debug;
		};
		6798D1731E89155800085119 /* Release */ = {
			isa = XCBuildConfiguration;
			baseConfigurationReference = D80B22FC2CB4B7F4F5613E45 /* Pods-测试界面.release.xcconfig */;
			buildSettings = {
				ASSETCATALOG_COMPILER_APPICON_NAME = AppIcon;
				DEVELOPMENT_TEAM = 7R3MSEN8NJ;
				INFOPLIST_FILE = "测试界面/Info.plist";
				IPHONEOS_DEPLOYMENT_TARGET = 10.0;
				LD_RUNPATH_SEARCH_PATHS = "$(inherited) @executable_path/Frameworks";
				PRODUCT_BUNDLE_IDENTIFIER = com.SaiDicaprio.lvmama.iOSTestPage;
				PRODUCT_NAME = "$(TARGET_NAME)";
			};
			name = Release;
		};
		6798D18D1E8915A200085119 /* Debug */ = {
			isa = XCBuildConfiguration;
			buildSettings = {
				ASSETCATALOG_COMPILER_APPICON_NAME = AppIcon;
				DEVELOPMENT_TEAM = 7R3MSEN8NJ;
				INFOPLIST_FILE = UICollectionView/Info.plist;
				LD_RUNPATH_SEARCH_PATHS = "$(inherited) @executable_path/Frameworks";
				PRODUCT_BUNDLE_IDENTIFIER = com.SaiDicaprio.lvmama.UICollectionView;
				PRODUCT_NAME = "$(TARGET_NAME)";
			};
			name = Debug;
		};
		6798D18E1E8915A200085119 /* Release */ = {
			isa = XCBuildConfiguration;
			buildSettings = {
				ASSETCATALOG_COMPILER_APPICON_NAME = AppIcon;
				DEVELOPMENT_TEAM = 7R3MSEN8NJ;
				INFOPLIST_FILE = UICollectionView/Info.plist;
				LD_RUNPATH_SEARCH_PATHS = "$(inherited) @executable_path/Frameworks";
				PRODUCT_BUNDLE_IDENTIFIER = com.SaiDicaprio.lvmama.UICollectionView;
				PRODUCT_NAME = "$(TARGET_NAME)";
			};
			name = Release;
		};
/* End XCBuildConfiguration section */

/* Begin XCConfigurationList section */
		6798D1551E89155800085119 /* Build configuration list for PBXProject "测试界面" */ = {
			isa = XCConfigurationList;
			buildConfigurations = (
				6798D16F1E89155800085119 /* Debug */,
				6798D1701E89155800085119 /* Release */,
			);
			defaultConfigurationIsVisible = 0;
			defaultConfigurationName = Release;
		};
		6798D1711E89155800085119 /* Build configuration list for PBXNativeTarget "测试界面" */ = {
			isa = XCConfigurationList;
			buildConfigurations = (
				6798D1721E89155800085119 /* Debug */,
				6798D1731E89155800085119 /* Release */,
			);
			defaultConfigurationIsVisible = 0;
			defaultConfigurationName = Release;
		};
		6798D18C1E8915A200085119 /* Build configuration list for PBXNativeTarget "UICollectionView" */ = {
			isa = XCConfigurationList;
			buildConfigurations = (
				6798D18D1E8915A200085119 /* Debug */,
				6798D18E1E8915A200085119 /* Release */,
			);
			defaultConfigurationIsVisible = 0;
			defaultConfigurationName = Release;
		};
/* End XCConfigurationList section */
	};
	rootObject = 6798D1521E89155800085119 /* Project object */;
}
